
Microsoft Visual Studio Solution File, Format Version 12.00
# Visual Studio 14
VisualStudioVersion = 14.0.23107.0
MinimumVisualStudioVersion = 10.0.40219.1
Project("{2150E333-8FDC-42A3-9474-1A3956D46DE8}") = "Binding", "Binding", "{6EC494D6-0405-4C3B-8DFD-4BE1AD77235C}"
	ProjectSection(SolutionItems) = preProject
		Binding\Readme.md = Binding\Readme.md
	EndProjectSection
EndProject
Project("{2150E333-8FDC-42A3-9474-1A3956D46DE8}") = "Common", "Common", "{CBF3FA5F-5DEC-42A2-A090-71E46139B16A}"
EndProject
Project("{FAE04EC0-301F-11D3-BF4B-00C04F79EFBC}") = "HQF.Tutorial.WCF.Contract.Interface", "HQF.Tutorial.WCF.Contract.Interface\HQF.Tutorial.WCF.Contract.Interface.csproj", "{40672F0B-0596-4EDB-BCE2-263036CDF219}"
EndProject
Project("{FAE04EC0-301F-11D3-BF4B-00C04F79EFBC}") = "HQF.Tutorial.WCF.Contract", "HQF.Tutorial.WCF.Contract\HQF.Tutorial.WCF.Contract.csproj", "{8FC09188-486B-494A-BFE5-82A89F68EF4D}"
EndProject
Project("{2150E333-8FDC-42A3-9474-1A3956D46DE8}") = "Host", "Host", "{540004B9-4978-4077-9393-C06A6FD61C65}"
EndProject
Project("{FAE04EC0-301F-11D3-BF4B-00C04F79EFBC}") = "HQF.Tutorial.WCF.ConsoleHost", "Host\HQF.Tutorial.WCF.Console\HQF.Tutorial.WCF.ConsoleHost.csproj", "{7E666593-81F2-4868-AC31-76887149F6EC}"
EndProject
Project("{FAE04EC0-301F-11D3-BF4B-00C04F79EFBC}") = "HQF.Tutorial.WCF.Host.WinForm", "Host\HQF.Tutorial.WCF.Host.WinForm\HQF.Tutorial.WCF.Host.WinForm.csproj", "{18B5815F-3954-4899-849F-109E3FBE070E}"
EndProject
Project("{FAE04EC0-301F-11D3-BF4B-00C04F79EFBC}") = "HQF.Tutorial.WCF.Host.WinService", "Host\HQF.Tutorial.WCF.Host.WinService\HQF.Tutorial.WCF.Host.WinService.csproj", "{CAA5D804-B776-4B74-B6C2-7516164E1B5A}"
EndProject
Project("{FAE04EC0-301F-11D3-BF4B-00C04F79EFBC}") = "HQF.Tutorial.WCF.Host.WebHost", "Host\HQF.Tutorial.WCF.Host.WebHost\HQF.Tutorial.WCF.Host.WebHost.csproj", "{B2207D2C-59F2-4311-8732-1FA4F81BB29B}"
EndProject
Project("{2150E333-8FDC-42A3-9474-1A3956D46DE8}") = "Client", "Client", "{A7061D33-CB29-4BBF-8BEE-F1C73ECB84F1}"
EndProject
Project("{FAE04EC0-301F-11D3-BF4B-00C04F79EFBC}") = "HQF.Tutorial.WCF.Client.Web", "Client\HQF.Tutorial.WCF.Client.Web\HQF.Tutorial.WCF.Client.Web.csproj", "{961D5E0F-BA1B-4450-9483-2945127A5646}"
EndProject
Project("{FAE04EC0-301F-11D3-BF4B-00C04F79EFBC}") = "HQF.Tutorial.WCF.Client.Console", "Client\HQF.Tutorial.WCF.Client.Console\HQF.Tutorial.WCF.Client.Console.csproj", "{7F12A05C-FF53-486C-B19B-70AF74EC2FAC}"
EndProject
Project("{2150E333-8FDC-42A3-9474-1A3956D46DE8}") = "Serialize", "Serialize", "{A41CF768-F339-4CA4-AA23-1CD5CBA9A9A7}"
EndProject
Project("{FAE04EC0-301F-11D3-BF4B-00C04F79EFBC}") = "HQF.Tutorial.WCF.Serializer", "HQF.Tutorial.WCF.Serializer\HQF.Tutorial.WCF.Serializer.csproj", "{7C5E876B-7CC2-4E06-BF30-1E7CC71A92A3}"
EndProject
Project("{FAE04EC0-301F-11D3-BF4B-00C04F79EFBC}") = "HQF.Tutorial.WCF.Serializer.XUnitTest", "HQF.Tutorial.WCF.XUnitTest\HQF.Tutorial.WCF.Serializer.XUnitTest.csproj", "{2E3DF5C2-8A38-4A03-86D7-8D463C917E47}"
EndProject
Project("{2150E333-8FDC-42A3-9474-1A3956D46DE8}") = "MSMQ", "MSMQ", "{8494784E-FDEF-45E7-B248-083898F61EFB}"
EndProject
Project("{FAE04EC0-301F-11D3-BF4B-00C04F79EFBC}") = "Binding.MSMQ.Common", "Binding\MSMQ\Binding.MSMQ.Common\Binding.MSMQ.Common.csproj", "{6DB80714-B92C-4912-BE7D-494DFDE24356}"
EndProject
Project("{FAE04EC0-301F-11D3-BF4B-00C04F79EFBC}") = "Binding.MSMQ.Client", "Binding\MSMQ\Binding.MSMQ.Client\Binding.MSMQ.Client.csproj", "{CAE99046-2C5A-4E5D-8569-6AEF992D04D0}"
EndProject
Project("{FAE04EC0-301F-11D3-BF4B-00C04F79EFBC}") = "Binding.MSMQ.Server", "Binding\MSMQ\Binding.MSMQ.Server\Binding.MSMQ.Server.csproj", "{46E464CB-1987-4656-AE76-C6F182CA2829}"
EndProject
Project("{2150E333-8FDC-42A3-9474-1A3956D46DE8}") = "MSMQ_Mail", "MSMQ_Mail", "{D71E6D21-CE2E-459F-ABCC-B7E174B12CCC}"
EndProject
Project("{FAE04EC0-301F-11D3-BF4B-00C04F79EFBC}") = "Binding.MSMQ.Mail.Server", "Binding\MSMQ_Mail\Binding.MSMQ.Mail.Server\Binding.MSMQ.Mail.Server.csproj", "{9CBFCC71-0B0C-4FCF-A426-1090EA5E8091}"
EndProject
Project("{FAE04EC0-301F-11D3-BF4B-00C04F79EFBC}") = "Binding.MSMQ.Mail.Common", "Binding\MSMQ_Mail\Binding.MSMQ.Mail.Common\Binding.MSMQ.Mail.Common.csproj", "{252C37DE-D614-457B-9748-D10ABDA8A239}"
EndProject
Project("{FAE04EC0-301F-11D3-BF4B-00C04F79EFBC}") = "Binding.MSMQ.Mail.Client.WPF", "Binding\MSMQ_Mail\Binding.MSMQ.Mail.Client.WPF\Binding.MSMQ.Mail.Client.WPF.csproj", "{7A797BEC-0274-4042-AF7C-7C5036ED11BA}"
EndProject
Project("{FAE04EC0-301F-11D3-BF4B-00C04F79EFBC}") = "Binding.MSMQ.Mail.Server.WinService", "Binding\MSMQ_Mail\Binding.MSMQ.Mail.Server.WinService\Binding.MSMQ.Mail.Server.WinService.csproj", "{4A5D774B-5FCB-46B9-A3CB-104509D3C566}"
EndProject
Project("{2150E333-8FDC-42A3-9474-1A3956D46DE8}") = "Routing", "Routing", "{A873E11B-80BD-42BB-8DB3-CC587573ABA5}"
EndProject
Project("{2150E333-8FDC-42A3-9474-1A3956D46DE8}") = "Routing.Base", "Routing.Base", "{1489C915-C013-426C-B905-82B084319282}"
EndProject
Project("{FAE04EC0-301F-11D3-BF4B-00C04F79EFBC}") = "Routing.Base.Server", "Routing\Routing.Base\Routing.Base.Server\Routing.Base.Server.csproj", "{F8C98B04-2014-4C62-BCC8-9C5CFD86F8E0}"
EndProject
Project("{FAE04EC0-301F-11D3-BF4B-00C04F79EFBC}") = "Routing.Base.Client", "Routing\Routing.Base\Routing.Base.Client\Routing.Base.Client.csproj", "{72061449-98DF-4941-A5C7-4179A084E7D9}"
EndProject
Project("{FAE04EC0-301F-11D3-BF4B-00C04F79EFBC}") = "Routing.Base.Router", "Routing\Routing.Base\Routing.Base.Router\Routing.Base.Router.csproj", "{51984960-292B-4270-80A3-F8434CEA30EE}"
EndProject
Project("{2150E333-8FDC-42A3-9474-1A3956D46DE8}") = "Routing.Bridge", "Routing.Bridge", "{9159B3FF-1FF4-4980-B656-18E1C76CED3D}"
EndProject
Project("{FAE04EC0-301F-11D3-BF4B-00C04F79EFBC}") = "Routing.Bridge.Common", "Routing\Routing.Bridge\Routing.Bridge.Common\Routing.Bridge.Common.csproj", "{224A1EB2-433C-406D-B1E9-BC5845D717AA}"
EndProject
Project("{FAE04EC0-301F-11D3-BF4B-00C04F79EFBC}") = "Routing.Bridge.Server", "Routing\Routing.Bridge\Routing.Bridge.Server\Routing.Bridge.Server.csproj", "{7B11811E-6E95-42F1-A00B-9551BC89BC25}"
EndProject
Project("{FAE04EC0-301F-11D3-BF4B-00C04F79EFBC}") = "Routing.Bridge.Client", "Routing\Routing.Bridge\Routing.Bridge.Client\Routing.Bridge.Client.csproj", "{4900BA28-4913-4C95-9767-D0D24D38C1FC}"
EndProject
Project("{FAE04EC0-301F-11D3-BF4B-00C04F79EFBC}") = "Routing.Bridge.Router", "Routing\Routing.Bridge\Routing.Bridge.Router\Routing.Bridge.Router.csproj", "{3D3351A0-41D2-4C33-87FD-B5434B6FAEED}"
EndProject
Project("{FAE04EC0-301F-11D3-BF4B-00C04F79EFBC}") = "Routing.Base.Common", "Routing\Routing.Base\Routing.Base.Common\Routing.Base.Common.csproj", "{4112A4DB-77F8-430A-BB4A-0CEEF59FE252}"
EndProject
Project("{2150E333-8FDC-42A3-9474-1A3956D46DE8}") = "Routing.LoadBalancing", "Routing.LoadBalancing", "{A091F670-610C-4FAA-9417-FBA46B611FB4}"
EndProject
Project("{FAE04EC0-301F-11D3-BF4B-00C04F79EFBC}") = "Routing.LoadBalancing.Common", "Routing\Routing.LoadBalancing\Routing.LoadBalancing.Common\Routing.LoadBalancing.Common.csproj", "{CD51CD91-348C-4477-A682-2FC08AA715CD}"
EndProject
Project("{FAE04EC0-301F-11D3-BF4B-00C04F79EFBC}") = "Routing.LoadBalancing.Client", "Routing\Routing.LoadBalancing\Routing.LoadBalancing.Client\Routing.LoadBalancing.Client.csproj", "{CF465F90-0953-473B-BF05-CDF7B7281091}"
EndProject
Project("{FAE04EC0-301F-11D3-BF4B-00C04F79EFBC}") = "Routing.LoadBalancing.Server", "Routing\Routing.LoadBalancing\Routing.LoadBalancing.Server\Routing.LoadBalancing.Server.csproj", "{A0B02334-91C8-4178-87A0-3F8F5784DDB1}"
EndProject
Project("{FAE04EC0-301F-11D3-BF4B-00C04F79EFBC}") = "Routing.LoadBalancing.Router", "Routing\Routing.LoadBalancing\Routing.LoadBalancing.Router\Routing.LoadBalancing.Router.csproj", "{A7815C9D-87F5-404A-B6BB-D6C6481517D5}"
EndProject
Project("{FAE04EC0-301F-11D3-BF4B-00C04F79EFBC}") = "Routing.LoadBalancing.MessageFilters", "Routing\Routing.LoadBalancing\Routing.LoadBalancing.MessageFilters\Routing.LoadBalancing.MessageFilters.csproj", "{D1CD3B35-6858-4DAD-937C-56E652DCA502}"
EndProject
Global
	GlobalSection(SolutionConfigurationPlatforms) = preSolution
		Debug|Any CPU = Debug|Any CPU
		Release|Any CPU = Release|Any CPU
	EndGlobalSection
	GlobalSection(ProjectConfigurationPlatforms) = postSolution
		{40672F0B-0596-4EDB-BCE2-263036CDF219}.Debug|Any CPU.ActiveCfg = Debug|Any CPU
		{40672F0B-0596-4EDB-BCE2-263036CDF219}.Debug|Any CPU.Build.0 = Debug|Any CPU
		{40672F0B-0596-4EDB-BCE2-263036CDF219}.Release|Any CPU.ActiveCfg = Release|Any CPU
		{40672F0B-0596-4EDB-BCE2-263036CDF219}.Release|Any CPU.Build.0 = Release|Any CPU
		{8FC09188-486B-494A-BFE5-82A89F68EF4D}.Debug|Any CPU.ActiveCfg = Debug|Any CPU
		{8FC09188-486B-494A-BFE5-82A89F68EF4D}.Debug|Any CPU.Build.0 = Debug|Any CPU
		{8FC09188-486B-494A-BFE5-82A89F68EF4D}.Release|Any CPU.ActiveCfg = Release|Any CPU
		{8FC09188-486B-494A-BFE5-82A89F68EF4D}.Release|Any CPU.Build.0 = Release|Any CPU
		{7E666593-81F2-4868-AC31-76887149F6EC}.Debug|Any CPU.ActiveCfg = Debug|Any CPU
		{7E666593-81F2-4868-AC31-76887149F6EC}.Debug|Any CPU.Build.0 = Debug|Any CPU
		{7E666593-81F2-4868-AC31-76887149F6EC}.Release|Any CPU.ActiveCfg = Release|Any CPU
		{7E666593-81F2-4868-AC31-76887149F6EC}.Release|Any CPU.Build.0 = Release|Any CPU
		{18B5815F-3954-4899-849F-109E3FBE070E}.Debug|Any CPU.ActiveCfg = Debug|Any CPU
		{18B5815F-3954-4899-849F-109E3FBE070E}.Debug|Any CPU.Build.0 = Debug|Any CPU
		{18B5815F-3954-4899-849F-109E3FBE070E}.Release|Any CPU.ActiveCfg = Release|Any CPU
		{18B5815F-3954-4899-849F-109E3FBE070E}.Release|Any CPU.Build.0 = Release|Any CPU
		{CAA5D804-B776-4B74-B6C2-7516164E1B5A}.Debug|Any CPU.ActiveCfg = Debug|Any CPU
		{CAA5D804-B776-4B74-B6C2-7516164E1B5A}.Debug|Any CPU.Build.0 = Debug|Any CPU
		{CAA5D804-B776-4B74-B6C2-7516164E1B5A}.Release|Any CPU.ActiveCfg = Release|Any CPU
		{CAA5D804-B776-4B74-B6C2-7516164E1B5A}.Release|Any CPU.Build.0 = Release|Any CPU
		{B2207D2C-59F2-4311-8732-1FA4F81BB29B}.Debug|Any CPU.ActiveCfg = Debug|Any CPU
		{B2207D2C-59F2-4311-8732-1FA4F81BB29B}.Debug|Any CPU.Build.0 = Debug|Any CPU
		{B2207D2C-59F2-4311-8732-1FA4F81BB29B}.Release|Any CPU.ActiveCfg = Release|Any CPU
		{B2207D2C-59F2-4311-8732-1FA4F81BB29B}.Release|Any CPU.Build.0 = Release|Any CPU
		{961D5E0F-BA1B-4450-9483-2945127A5646}.Debug|Any CPU.ActiveCfg = Debug|Any CPU
		{961D5E0F-BA1B-4450-9483-2945127A5646}.Debug|Any CPU.Build.0 = Debug|Any CPU
		{961D5E0F-BA1B-4450-9483-2945127A5646}.Release|Any CPU.ActiveCfg = Release|Any CPU
		{961D5E0F-BA1B-4450-9483-2945127A5646}.Release|Any CPU.Build.0 = Release|Any CPU
		{7F12A05C-FF53-486C-B19B-70AF74EC2FAC}.Debug|Any CPU.ActiveCfg = Debug|Any CPU
		{7F12A05C-FF53-486C-B19B-70AF74EC2FAC}.Debug|Any CPU.Build.0 = Debug|Any CPU
		{7F12A05C-FF53-486C-B19B-70AF74EC2FAC}.Release|Any CPU.ActiveCfg = Release|Any CPU
		{7F12A05C-FF53-486C-B19B-70AF74EC2FAC}.Release|Any CPU.Build.0 = Release|Any CPU
		{7C5E876B-7CC2-4E06-BF30-1E7CC71A92A3}.Debug|Any CPU.ActiveCfg = Debug|Any CPU
		{7C5E876B-7CC2-4E06-BF30-1E7CC71A92A3}.Debug|Any CPU.Build.0 = Debug|Any CPU
		{7C5E876B-7CC2-4E06-BF30-1E7CC71A92A3}.Release|Any CPU.ActiveCfg = Release|Any CPU
		{7C5E876B-7CC2-4E06-BF30-1E7CC71A92A3}.Release|Any CPU.Build.0 = Release|Any CPU
		{2E3DF5C2-8A38-4A03-86D7-8D463C917E47}.Debug|Any CPU.ActiveCfg = Debug|Any CPU
		{2E3DF5C2-8A38-4A03-86D7-8D463C917E47}.Debug|Any CPU.Build.0 = Debug|Any CPU
		{2E3DF5C2-8A38-4A03-86D7-8D463C917E47}.Release|Any CPU.ActiveCfg = Release|Any CPU
		{2E3DF5C2-8A38-4A03-86D7-8D463C917E47}.Release|Any CPU.Build.0 = Release|Any CPU
		{6DB80714-B92C-4912-BE7D-494DFDE24356}.Debug|Any CPU.ActiveCfg = Debug|Any CPU
		{6DB80714-B92C-4912-BE7D-494DFDE24356}.Debug|Any CPU.Build.0 = Debug|Any CPU
		{6DB80714-B92C-4912-BE7D-494DFDE24356}.Release|Any CPU.ActiveCfg = Release|Any CPU
		{6DB80714-B92C-4912-BE7D-494DFDE24356}.Release|Any CPU.Build.0 = Release|Any CPU
		{CAE99046-2C5A-4E5D-8569-6AEF992D04D0}.Debug|Any CPU.ActiveCfg = Debug|Any CPU
		{CAE99046-2C5A-4E5D-8569-6AEF992D04D0}.Debug|Any CPU.Build.0 = Debug|Any CPU
		{CAE99046-2C5A-4E5D-8569-6AEF992D04D0}.Release|Any CPU.ActiveCfg = Release|Any CPU
		{CAE99046-2C5A-4E5D-8569-6AEF992D04D0}.Release|Any CPU.Build.0 = Release|Any CPU
		{46E464CB-1987-4656-AE76-C6F182CA2829}.Debug|Any CPU.ActiveCfg = Debug|Any CPU
		{46E464CB-1987-4656-AE76-C6F182CA2829}.Debug|Any CPU.Build.0 = Debug|Any CPU
		{46E464CB-1987-4656-AE76-C6F182CA2829}.Release|Any CPU.ActiveCfg = Release|Any CPU
		{46E464CB-1987-4656-AE76-C6F182CA2829}.Release|Any CPU.Build.0 = Release|Any CPU
		{9CBFCC71-0B0C-4FCF-A426-1090EA5E8091}.Debug|Any CPU.ActiveCfg = Debug|Any CPU
		{9CBFCC71-0B0C-4FCF-A426-1090EA5E8091}.Debug|Any CPU.Build.0 = Debug|Any CPU
		{9CBFCC71-0B0C-4FCF-A426-1090EA5E8091}.Release|Any CPU.ActiveCfg = Release|Any CPU
		{9CBFCC71-0B0C-4FCF-A426-1090EA5E8091}.Release|Any CPU.Build.0 = Release|Any CPU
		{252C37DE-D614-457B-9748-D10ABDA8A239}.Debug|Any CPU.ActiveCfg = Debug|Any CPU
		{252C37DE-D614-457B-9748-D10ABDA8A239}.Debug|Any CPU.Build.0 = Debug|Any CPU
		{252C37DE-D614-457B-9748-D10ABDA8A239}.Release|Any CPU.ActiveCfg = Release|Any CPU
		{252C37DE-D614-457B-9748-D10ABDA8A239}.Release|Any CPU.Build.0 = Release|Any CPU
		{7A797BEC-0274-4042-AF7C-7C5036ED11BA}.Debug|Any CPU.ActiveCfg = Debug|Any CPU
		{7A797BEC-0274-4042-AF7C-7C5036ED11BA}.Debug|Any CPU.Build.0 = Debug|Any CPU
		{7A797BEC-0274-4042-AF7C-7C5036ED11BA}.Release|Any CPU.ActiveCfg = Release|Any CPU
		{7A797BEC-0274-4042-AF7C-7C5036ED11BA}.Release|Any CPU.Build.0 = Release|Any CPU
		{4A5D774B-5FCB-46B9-A3CB-104509D3C566}.Debug|Any CPU.ActiveCfg = Debug|Any CPU
		{4A5D774B-5FCB-46B9-A3CB-104509D3C566}.Debug|Any CPU.Build.0 = Debug|Any CPU
		{4A5D774B-5FCB-46B9-A3CB-104509D3C566}.Release|Any CPU.ActiveCfg = Release|Any CPU
		{4A5D774B-5FCB-46B9-A3CB-104509D3C566}.Release|Any CPU.Build.0 = Release|Any CPU
		{F8C98B04-2014-4C62-BCC8-9C5CFD86F8E0}.Debug|Any CPU.ActiveCfg = Debug|Any CPU
		{F8C98B04-2014-4C62-BCC8-9C5CFD86F8E0}.Debug|Any CPU.Build.0 = Debug|Any CPU
		{F8C98B04-2014-4C62-BCC8-9C5CFD86F8E0}.Release|Any CPU.ActiveCfg = Release|Any CPU
		{F8C98B04-2014-4C62-BCC8-9C5CFD86F8E0}.Release|Any CPU.Build.0 = Release|Any CPU
		{72061449-98DF-4941-A5C7-4179A084E7D9}.Debug|Any CPU.ActiveCfg = Debug|Any CPU
		{72061449-98DF-4941-A5C7-4179A084E7D9}.Debug|Any CPU.Build.0 = Debug|Any CPU
		{72061449-98DF-4941-A5C7-4179A084E7D9}.Release|Any CPU.ActiveCfg = Release|Any CPU
		{72061449-98DF-4941-A5C7-4179A084E7D9}.Release|Any CPU.Build.0 = Release|Any CPU
		{51984960-292B-4270-80A3-F8434CEA30EE}.Debug|Any CPU.ActiveCfg = Debug|Any CPU
		{51984960-292B-4270-80A3-F8434CEA30EE}.Debug|Any CPU.Build.0 = Debug|Any CPU
		{51984960-292B-4270-80A3-F8434CEA30EE}.Release|Any CPU.ActiveCfg = Release|Any CPU
		{51984960-292B-4270-80A3-F8434CEA30EE}.Release|Any CPU.Build.0 = Release|Any CPU
		{224A1EB2-433C-406D-B1E9-BC5845D717AA}.Debug|Any CPU.ActiveCfg = Debug|Any CPU
		{224A1EB2-433C-406D-B1E9-BC5845D717AA}.Debug|Any CPU.Build.0 = Debug|Any CPU
		{224A1EB2-433C-406D-B1E9-BC5845D717AA}.Release|Any CPU.ActiveCfg = Release|Any CPU
		{224A1EB2-433C-406D-B1E9-BC5845D717AA}.Release|Any CPU.Build.0 = Release|Any CPU
		{7B11811E-6E95-42F1-A00B-9551BC89BC25}.Debug|Any CPU.ActiveCfg = Debug|Any CPU
		{7B11811E-6E95-42F1-A00B-9551BC89BC25}.Debug|Any CPU.Build.0 = Debug|Any CPU
		{7B11811E-6E95-42F1-A00B-9551BC89BC25}.Release|Any CPU.ActiveCfg = Release|Any CPU
		{7B11811E-6E95-42F1-A00B-9551BC89BC25}.Release|Any CPU.Build.0 = Release|Any CPU
		{4900BA28-4913-4C95-9767-D0D24D38C1FC}.Debug|Any CPU.ActiveCfg = Debug|Any CPU
		{4900BA28-4913-4C95-9767-D0D24D38C1FC}.Debug|Any CPU.Build.0 = Debug|Any CPU
		{4900BA28-4913-4C95-9767-D0D24D38C1FC}.Release|Any CPU.ActiveCfg = Release|Any CPU
		{4900BA28-4913-4C95-9767-D0D24D38C1FC}.Release|Any CPU.Build.0 = Release|Any CPU
		{3D3351A0-41D2-4C33-87FD-B5434B6FAEED}.Debug|Any CPU.ActiveCfg = Debug|Any CPU
		{3D3351A0-41D2-4C33-87FD-B5434B6FAEED}.Debug|Any CPU.Build.0 = Debug|Any CPU
		{3D3351A0-41D2-4C33-87FD-B5434B6FAEED}.Release|Any CPU.ActiveCfg = Release|Any CPU
		{3D3351A0-41D2-4C33-87FD-B5434B6FAEED}.Release|Any CPU.Build.0 = Release|Any CPU
		{4112A4DB-77F8-430A-BB4A-0CEEF59FE252}.Debug|Any CPU.ActiveCfg = Debug|Any CPU
		{4112A4DB-77F8-430A-BB4A-0CEEF59FE252}.Debug|Any CPU.Build.0 = Debug|Any CPU
		{4112A4DB-77F8-430A-BB4A-0CEEF59FE252}.Release|Any CPU.ActiveCfg = Release|Any CPU
		{4112A4DB-77F8-430A-BB4A-0CEEF59FE252}.Release|Any CPU.Build.0 = Release|Any CPU
		{CD51CD91-348C-4477-A682-2FC08AA715CD}.Debug|Any CPU.ActiveCfg = Debug|Any CPU
		{CD51CD91-348C-4477-A682-2FC08AA715CD}.Debug|Any CPU.Build.0 = Debug|Any CPU
		{CD51CD91-348C-4477-A682-2FC08AA715CD}.Release|Any CPU.ActiveCfg = Release|Any CPU
		{CD51CD91-348C-4477-A682-2FC08AA715CD}.Release|Any CPU.Build.0 = Release|Any CPU
		{CF465F90-0953-473B-BF05-CDF7B7281091}.Debug|Any CPU.ActiveCfg = Debug|Any CPU
		{CF465F90-0953-473B-BF05-CDF7B7281091}.Debug|Any CPU.Build.0 = Debug|Any CPU
		{CF465F90-0953-473B-BF05-CDF7B7281091}.Release|Any CPU.ActiveCfg = Release|Any CPU
		{CF465F90-0953-473B-BF05-CDF7B7281091}.Release|Any CPU.Build.0 = Release|Any CPU
		{A0B02334-91C8-4178-87A0-3F8F5784DDB1}.Debug|Any CPU.ActiveCfg = Debug|Any CPU
		{A0B02334-91C8-4178-87A0-3F8F5784DDB1}.Debug|Any CPU.Build.0 = Debug|Any CPU
		{A0B02334-91C8-4178-87A0-3F8F5784DDB1}.Release|Any CPU.ActiveCfg = Release|Any CPU
		{A0B02334-91C8-4178-87A0-3F8F5784DDB1}.Release|Any CPU.Build.0 = Release|Any CPU
		{A7815C9D-87F5-404A-B6BB-D6C6481517D5}.Debug|Any CPU.ActiveCfg = Debug|Any CPU
		{A7815C9D-87F5-404A-B6BB-D6C6481517D5}.Debug|Any CPU.Build.0 = Debug|Any CPU
		{A7815C9D-87F5-404A-B6BB-D6C6481517D5}.Release|Any CPU.ActiveCfg = Release|Any CPU
		{A7815C9D-87F5-404A-B6BB-D6C6481517D5}.Release|Any CPU.Build.0 = Release|Any CPU
		{D1CD3B35-6858-4DAD-937C-56E652DCA502}.Debug|Any CPU.ActiveCfg = Debug|Any CPU
		{D1CD3B35-6858-4DAD-937C-56E652DCA502}.Debug|Any CPU.Build.0 = Debug|Any CPU
		{D1CD3B35-6858-4DAD-937C-56E652DCA502}.Release|Any CPU.ActiveCfg = Release|Any CPU
		{D1CD3B35-6858-4DAD-937C-56E652DCA502}.Release|Any CPU.Build.0 = Release|Any CPU
	EndGlobalSection
	GlobalSection(SolutionProperties) = preSolution
		HideSolutionNode = FALSE
	EndGlobalSection
	GlobalSection(NestedProjects) = preSolution
		{40672F0B-0596-4EDB-BCE2-263036CDF219} = {CBF3FA5F-5DEC-42A2-A090-71E46139B16A}
		{8FC09188-486B-494A-BFE5-82A89F68EF4D} = {CBF3FA5F-5DEC-42A2-A090-71E46139B16A}
		{7E666593-81F2-4868-AC31-76887149F6EC} = {540004B9-4978-4077-9393-C06A6FD61C65}
		{18B5815F-3954-4899-849F-109E3FBE070E} = {540004B9-4978-4077-9393-C06A6FD61C65}
		{CAA5D804-B776-4B74-B6C2-7516164E1B5A} = {540004B9-4978-4077-9393-C06A6FD61C65}
		{B2207D2C-59F2-4311-8732-1FA4F81BB29B} = {540004B9-4978-4077-9393-C06A6FD61C65}
		{961D5E0F-BA1B-4450-9483-2945127A5646} = {A7061D33-CB29-4BBF-8BEE-F1C73ECB84F1}
		{7F12A05C-FF53-486C-B19B-70AF74EC2FAC} = {A7061D33-CB29-4BBF-8BEE-F1C73ECB84F1}
		{7C5E876B-7CC2-4E06-BF30-1E7CC71A92A3} = {A41CF768-F339-4CA4-AA23-1CD5CBA9A9A7}
		{2E3DF5C2-8A38-4A03-86D7-8D463C917E47} = {A41CF768-F339-4CA4-AA23-1CD5CBA9A9A7}
		{8494784E-FDEF-45E7-B248-083898F61EFB} = {6EC494D6-0405-4C3B-8DFD-4BE1AD77235C}
		{6DB80714-B92C-4912-BE7D-494DFDE24356} = {8494784E-FDEF-45E7-B248-083898F61EFB}
		{CAE99046-2C5A-4E5D-8569-6AEF992D04D0} = {8494784E-FDEF-45E7-B248-083898F61EFB}
		{46E464CB-1987-4656-AE76-C6F182CA2829} = {8494784E-FDEF-45E7-B248-083898F61EFB}
		{D71E6D21-CE2E-459F-ABCC-B7E174B12CCC} = {6EC494D6-0405-4C3B-8DFD-4BE1AD77235C}
		{9CBFCC71-0B0C-4FCF-A426-1090EA5E8091} = {D71E6D21-CE2E-459F-ABCC-B7E174B12CCC}
		{252C37DE-D614-457B-9748-D10ABDA8A239} = {D71E6D21-CE2E-459F-ABCC-B7E174B12CCC}
		{7A797BEC-0274-4042-AF7C-7C5036ED11BA} = {D71E6D21-CE2E-459F-ABCC-B7E174B12CCC}
		{4A5D774B-5FCB-46B9-A3CB-104509D3C566} = {D71E6D21-CE2E-459F-ABCC-B7E174B12CCC}
		{1489C915-C013-426C-B905-82B084319282} = {A873E11B-80BD-42BB-8DB3-CC587573ABA5}
		{F8C98B04-2014-4C62-BCC8-9C5CFD86F8E0} = {1489C915-C013-426C-B905-82B084319282}
		{72061449-98DF-4941-A5C7-4179A084E7D9} = {1489C915-C013-426C-B905-82B084319282}
		{51984960-292B-4270-80A3-F8434CEA30EE} = {1489C915-C013-426C-B905-82B084319282}
		{9159B3FF-1FF4-4980-B656-18E1C76CED3D} = {A873E11B-80BD-42BB-8DB3-CC587573ABA5}
		{224A1EB2-433C-406D-B1E9-BC5845D717AA} = {9159B3FF-1FF4-4980-B656-18E1C76CED3D}
		{7B11811E-6E95-42F1-A00B-9551BC89BC25} = {9159B3FF-1FF4-4980-B656-18E1C76CED3D}
		{4900BA28-4913-4C95-9767-D0D24D38C1FC} = {9159B3FF-1FF4-4980-B656-18E1C76CED3D}
		{3D3351A0-41D2-4C33-87FD-B5434B6FAEED} = {9159B3FF-1FF4-4980-B656-18E1C76CED3D}
		{4112A4DB-77F8-430A-BB4A-0CEEF59FE252} = {1489C915-C013-426C-B905-82B084319282}
		{A091F670-610C-4FAA-9417-FBA46B611FB4} = {A873E11B-80BD-42BB-8DB3-CC587573ABA5}
		{CD51CD91-348C-4477-A682-2FC08AA715CD} = {A091F670-610C-4FAA-9417-FBA46B611FB4}
		{CF465F90-0953-473B-BF05-CDF7B7281091} = {A091F670-610C-4FAA-9417-FBA46B611FB4}
		{A0B02334-91C8-4178-87A0-3F8F5784DDB1} = {A091F670-610C-4FAA-9417-FBA46B611FB4}
		{A7815C9D-87F5-404A-B6BB-D6C6481517D5} = {A091F670-610C-4FAA-9417-FBA46B611FB4}
		{D1CD3B35-6858-4DAD-937C-56E652DCA502} = {A091F670-610C-4FAA-9417-FBA46B611FB4}
	EndGlobalSection
EndGlobal
