
Microsoft Visual Studio Solution File, Format Version 12.00
# Visual Studio 14
VisualStudioVersion = 14.0.23107.0
MinimumVisualStudioVersion = 10.0.40219.1
Project("{2150E333-8FDC-42A3-9474-1A3956D46DE8}") = "Binding", "Binding", "{6EC494D6-0405-4C3B-8DFD-4BE1AD77235C}"
EndProject
Project("{FAE04EC0-301F-11D3-BF4B-00C04F79EFBC}") = "HQF.Tutorial.WCF.Binding", "Binding\HQF.Tutorial.WCF.Binding\HQF.Tutorial.WCF.Binding.csproj", "{A8660C65-1616-4E5E-B9D9-D046A71B5FC9}"
EndProject
Project("{2150E333-8FDC-42A3-9474-1A3956D46DE8}") = "Common", "Common", "{CBF3FA5F-5DEC-42A2-A090-71E46139B16A}"
EndProject
Project("{FAE04EC0-301F-11D3-BF4B-00C04F79EFBC}") = "HQF.Tutorial.WCF.Contract.Interface", "HQF.Tutorial.WCF.Contract.Interface\HQF.Tutorial.WCF.Contract.Interface.csproj", "{40672F0B-0596-4EDB-BCE2-263036CDF219}"
EndProject
Project("{FAE04EC0-301F-11D3-BF4B-00C04F79EFBC}") = "HQF.Tutorial.WCF.Contract", "HQF.Tutorial.WCF.Contract\HQF.Tutorial.WCF.Contract.csproj", "{8FC09188-486B-494A-BFE5-82A89F68EF4D}"
EndProject
Project("{2150E333-8FDC-42A3-9474-1A3956D46DE8}") = "Host", "Host", "{540004B9-4978-4077-9393-C06A6FD61C65}"
EndProject
Project("{FAE04EC0-301F-11D3-BF4B-00C04F79EFBC}") = "HQF.Tutorial.WCF.ConsoleHost", "Host\HQF.Tutorial.WCF.Console\HQF.Tutorial.WCF.ConsoleHost.csproj", "{7E666593-81F2-4868-AC31-76887149F6EC}"
EndProject
Project("{FAE04EC0-301F-11D3-BF4B-00C04F79EFBC}") = "HQF.Tutorial.WCF.ConsoleClient", "Host\HQF.Tutorial.WCF.ConsoleClient\HQF.Tutorial.WCF.ConsoleClient.csproj", "{7F12A05C-FF53-486C-B19B-70AF74EC2FAC}"
EndProject
Project("{FAE04EC0-301F-11D3-BF4B-00C04F79EFBC}") = "HQF.Tutorial.WCF.Host.WinForm", "Host\HQF.Tutorial.WCF.Host.WinForm\HQF.Tutorial.WCF.Host.WinForm.csproj", "{18B5815F-3954-4899-849F-109E3FBE070E}"
EndProject
Project("{FAE04EC0-301F-11D3-BF4B-00C04F79EFBC}") = "HQF.Tutorial.WCF.Host.WinService", "Host\HQF.Tutorial.WCF.Host.WinService\HQF.Tutorial.WCF.Host.WinService.csproj", "{CAA5D804-B776-4B74-B6C2-7516164E1B5A}"
EndProject
Global
	GlobalSection(SolutionConfigurationPlatforms) = preSolution
		Debug|Any CPU = Debug|Any CPU
		Release|Any CPU = Release|Any CPU
	EndGlobalSection
	GlobalSection(ProjectConfigurationPlatforms) = postSolution
		{A8660C65-1616-4E5E-B9D9-D046A71B5FC9}.Debug|Any CPU.ActiveCfg = Debug|Any CPU
		{A8660C65-1616-4E5E-B9D9-D046A71B5FC9}.Debug|Any CPU.Build.0 = Debug|Any CPU
		{A8660C65-1616-4E5E-B9D9-D046A71B5FC9}.Release|Any CPU.ActiveCfg = Release|Any CPU
		{A8660C65-1616-4E5E-B9D9-D046A71B5FC9}.Release|Any CPU.Build.0 = Release|Any CPU
		{40672F0B-0596-4EDB-BCE2-263036CDF219}.Debug|Any CPU.ActiveCfg = Debug|Any CPU
		{40672F0B-0596-4EDB-BCE2-263036CDF219}.Debug|Any CPU.Build.0 = Debug|Any CPU
		{40672F0B-0596-4EDB-BCE2-263036CDF219}.Release|Any CPU.ActiveCfg = Release|Any CPU
		{40672F0B-0596-4EDB-BCE2-263036CDF219}.Release|Any CPU.Build.0 = Release|Any CPU
		{8FC09188-486B-494A-BFE5-82A89F68EF4D}.Debug|Any CPU.ActiveCfg = Debug|Any CPU
		{8FC09188-486B-494A-BFE5-82A89F68EF4D}.Debug|Any CPU.Build.0 = Debug|Any CPU
		{8FC09188-486B-494A-BFE5-82A89F68EF4D}.Release|Any CPU.ActiveCfg = Release|Any CPU
		{8FC09188-486B-494A-BFE5-82A89F68EF4D}.Release|Any CPU.Build.0 = Release|Any CPU
		{7E666593-81F2-4868-AC31-76887149F6EC}.Debug|Any CPU.ActiveCfg = Debug|Any CPU
		{7E666593-81F2-4868-AC31-76887149F6EC}.Debug|Any CPU.Build.0 = Debug|Any CPU
		{7E666593-81F2-4868-AC31-76887149F6EC}.Release|Any CPU.ActiveCfg = Release|Any CPU
		{7E666593-81F2-4868-AC31-76887149F6EC}.Release|Any CPU.Build.0 = Release|Any CPU
		{7F12A05C-FF53-486C-B19B-70AF74EC2FAC}.Debug|Any CPU.ActiveCfg = Debug|Any CPU
		{7F12A05C-FF53-486C-B19B-70AF74EC2FAC}.Debug|Any CPU.Build.0 = Debug|Any CPU
		{7F12A05C-FF53-486C-B19B-70AF74EC2FAC}.Release|Any CPU.ActiveCfg = Release|Any CPU
		{7F12A05C-FF53-486C-B19B-70AF74EC2FAC}.Release|Any CPU.Build.0 = Release|Any CPU
		{18B5815F-3954-4899-849F-109E3FBE070E}.Debug|Any CPU.ActiveCfg = Debug|Any CPU
		{18B5815F-3954-4899-849F-109E3FBE070E}.Debug|Any CPU.Build.0 = Debug|Any CPU
		{18B5815F-3954-4899-849F-109E3FBE070E}.Release|Any CPU.ActiveCfg = Release|Any CPU
		{18B5815F-3954-4899-849F-109E3FBE070E}.Release|Any CPU.Build.0 = Release|Any CPU
		{CAA5D804-B776-4B74-B6C2-7516164E1B5A}.Debug|Any CPU.ActiveCfg = Debug|Any CPU
		{CAA5D804-B776-4B74-B6C2-7516164E1B5A}.Debug|Any CPU.Build.0 = Debug|Any CPU
		{CAA5D804-B776-4B74-B6C2-7516164E1B5A}.Release|Any CPU.ActiveCfg = Release|Any CPU
		{CAA5D804-B776-4B74-B6C2-7516164E1B5A}.Release|Any CPU.Build.0 = Release|Any CPU
	EndGlobalSection
	GlobalSection(SolutionProperties) = preSolution
		HideSolutionNode = FALSE
	EndGlobalSection
	GlobalSection(NestedProjects) = preSolution
		{A8660C65-1616-4E5E-B9D9-D046A71B5FC9} = {6EC494D6-0405-4C3B-8DFD-4BE1AD77235C}
		{40672F0B-0596-4EDB-BCE2-263036CDF219} = {CBF3FA5F-5DEC-42A2-A090-71E46139B16A}
		{8FC09188-486B-494A-BFE5-82A89F68EF4D} = {CBF3FA5F-5DEC-42A2-A090-71E46139B16A}
		{7E666593-81F2-4868-AC31-76887149F6EC} = {540004B9-4978-4077-9393-C06A6FD61C65}
		{7F12A05C-FF53-486C-B19B-70AF74EC2FAC} = {540004B9-4978-4077-9393-C06A6FD61C65}
		{18B5815F-3954-4899-849F-109E3FBE070E} = {540004B9-4978-4077-9393-C06A6FD61C65}
		{CAA5D804-B776-4B74-B6C2-7516164E1B5A} = {540004B9-4978-4077-9393-C06A6FD61C65}
	EndGlobalSection
EndGlobal
