
Microsoft Visual Studio Solution File, Format Version 12.00
# Visual Studio 14
VisualStudioVersion = 14.0.23107.0
MinimumVisualStudioVersion = 10.0.40219.1
Project("{2150E333-8FDC-42A3-9474-1A3956D46DE8}") = "3.Binding", "3.Binding", "{6EC494D6-0405-4C3B-8DFD-4BE1AD77235C}"
	ProjectSection(SolutionItems) = preProject
		Src\Binding\Readme.md = Src\Binding\Readme.md
	EndProjectSection
EndProject
Project("{2150E333-8FDC-42A3-9474-1A3956D46DE8}") = "0.Common", "0.Common", "{CBF3FA5F-5DEC-42A2-A090-71E46139B16A}"
EndProject
Project("{2150E333-8FDC-42A3-9474-1A3956D46DE8}") = "2.Host", "2.Host", "{540004B9-4978-4077-9393-C06A6FD61C65}"
EndProject
Project("{FAE04EC0-301F-11D3-BF4B-00C04F79EFBC}") = "HQF.Tutorial.WCF.ConsoleHost", "Src\Host\HQF.Tutorial.WCF.Console\HQF.Tutorial.WCF.ConsoleHost.csproj", "{7E666593-81F2-4868-AC31-76887149F6EC}"
EndProject
Project("{FAE04EC0-301F-11D3-BF4B-00C04F79EFBC}") = "HQF.Tutorial.WCF.Host.WinForm", "Src\Host\HQF.Tutorial.WCF.Host.WinForm\HQF.Tutorial.WCF.Host.WinForm.csproj", "{18B5815F-3954-4899-849F-109E3FBE070E}"
EndProject
Project("{FAE04EC0-301F-11D3-BF4B-00C04F79EFBC}") = "HQF.Tutorial.WCF.Host.WinService", "Src\Host\HQF.Tutorial.WCF.Host.WinService\HQF.Tutorial.WCF.Host.WinService.csproj", "{CAA5D804-B776-4B74-B6C2-7516164E1B5A}"
EndProject
Project("{2150E333-8FDC-42A3-9474-1A3956D46DE8}") = "1.Client", "1.Client", "{A7061D33-CB29-4BBF-8BEE-F1C73ECB84F1}"
EndProject
Project("{FAE04EC0-301F-11D3-BF4B-00C04F79EFBC}") = "HQF.Tutorial.WCF.Client.Console", "Src\Client\HQF.Tutorial.WCF.Client.Console\HQF.Tutorial.WCF.Client.Console.csproj", "{7F12A05C-FF53-486C-B19B-70AF74EC2FAC}"
EndProject
Project("{2150E333-8FDC-42A3-9474-1A3956D46DE8}") = "4.Serializer", "4.Serializer", "{A41CF768-F339-4CA4-AA23-1CD5CBA9A9A7}"
EndProject
Project("{2150E333-8FDC-42A3-9474-1A3956D46DE8}") = "MSMQ", "MSMQ", "{8494784E-FDEF-45E7-B248-083898F61EFB}"
EndProject
Project("{FAE04EC0-301F-11D3-BF4B-00C04F79EFBC}") = "Binding.MSMQ.Common", "Src\Binding\MSMQ\Binding.MSMQ.Common\Binding.MSMQ.Common.csproj", "{6DB80714-B92C-4912-BE7D-494DFDE24356}"
EndProject
Project("{FAE04EC0-301F-11D3-BF4B-00C04F79EFBC}") = "Binding.MSMQ.Client", "Src\Binding\MSMQ\Binding.MSMQ.Client\Binding.MSMQ.Client.csproj", "{CAE99046-2C5A-4E5D-8569-6AEF992D04D0}"
EndProject
Project("{FAE04EC0-301F-11D3-BF4B-00C04F79EFBC}") = "Binding.MSMQ.Server", "Src\Binding\MSMQ\Binding.MSMQ.Server\Binding.MSMQ.Server.csproj", "{46E464CB-1987-4656-AE76-C6F182CA2829}"
EndProject
Project("{2150E333-8FDC-42A3-9474-1A3956D46DE8}") = "MSMQ_Mail", "MSMQ_Mail", "{D71E6D21-CE2E-459F-ABCC-B7E174B12CCC}"
EndProject
Project("{FAE04EC0-301F-11D3-BF4B-00C04F79EFBC}") = "Binding.MSMQ.Mail.Server", "Src\Binding\MSMQ_Mail\Binding.MSMQ.Mail.Server\Binding.MSMQ.Mail.Server.csproj", "{9CBFCC71-0B0C-4FCF-A426-1090EA5E8091}"
EndProject
Project("{FAE04EC0-301F-11D3-BF4B-00C04F79EFBC}") = "Binding.MSMQ.Mail.Common", "Src\Binding\MSMQ_Mail\Binding.MSMQ.Mail.Common\Binding.MSMQ.Mail.Common.csproj", "{252C37DE-D614-457B-9748-D10ABDA8A239}"
EndProject
Project("{FAE04EC0-301F-11D3-BF4B-00C04F79EFBC}") = "Binding.MSMQ.Mail.Server.WinService", "Src\Binding\MSMQ_Mail\Binding.MSMQ.Mail.Server.WinService\Binding.MSMQ.Mail.Server.WinService.csproj", "{4A5D774B-5FCB-46B9-A3CB-104509D3C566}"
EndProject
Project("{2150E333-8FDC-42A3-9474-1A3956D46DE8}") = "5.Routing", "5.Routing", "{A873E11B-80BD-42BB-8DB3-CC587573ABA5}"
EndProject
Project("{2150E333-8FDC-42A3-9474-1A3956D46DE8}") = "Routing.Base", "Routing.Base", "{1489C915-C013-426C-B905-82B084319282}"
EndProject
Project("{FAE04EC0-301F-11D3-BF4B-00C04F79EFBC}") = "Routing.Base.Server", "Src\Routing\Routing.Base\Routing.Base.Server\Routing.Base.Server.csproj", "{F8C98B04-2014-4C62-BCC8-9C5CFD86F8E0}"
EndProject
Project("{FAE04EC0-301F-11D3-BF4B-00C04F79EFBC}") = "Routing.Base.Client", "Src\Routing\Routing.Base\Routing.Base.Client\Routing.Base.Client.csproj", "{72061449-98DF-4941-A5C7-4179A084E7D9}"
EndProject
Project("{FAE04EC0-301F-11D3-BF4B-00C04F79EFBC}") = "Routing.Base.Router", "Src\Routing\Routing.Base\Routing.Base.Router\Routing.Base.Router.csproj", "{51984960-292B-4270-80A3-F8434CEA30EE}"
EndProject
Project("{2150E333-8FDC-42A3-9474-1A3956D46DE8}") = "Routing.Bridge", "Routing.Bridge", "{9159B3FF-1FF4-4980-B656-18E1C76CED3D}"
EndProject
Project("{FAE04EC0-301F-11D3-BF4B-00C04F79EFBC}") = "Routing.Bridge.Common", "Src\Routing\Routing.Bridge\Routing.Bridge.Common\Routing.Bridge.Common.csproj", "{224A1EB2-433C-406D-B1E9-BC5845D717AA}"
EndProject
Project("{FAE04EC0-301F-11D3-BF4B-00C04F79EFBC}") = "Routing.Bridge.Server", "Src\Routing\Routing.Bridge\Routing.Bridge.Server\Routing.Bridge.Server.csproj", "{7B11811E-6E95-42F1-A00B-9551BC89BC25}"
EndProject
Project("{FAE04EC0-301F-11D3-BF4B-00C04F79EFBC}") = "Routing.Bridge.Client", "Src\Routing\Routing.Bridge\Routing.Bridge.Client\Routing.Bridge.Client.csproj", "{4900BA28-4913-4C95-9767-D0D24D38C1FC}"
EndProject
Project("{FAE04EC0-301F-11D3-BF4B-00C04F79EFBC}") = "Routing.Bridge.Router", "Src\Routing\Routing.Bridge\Routing.Bridge.Router\Routing.Bridge.Router.csproj", "{3D3351A0-41D2-4C33-87FD-B5434B6FAEED}"
EndProject
Project("{FAE04EC0-301F-11D3-BF4B-00C04F79EFBC}") = "Routing.Base.Common", "Src\Routing\Routing.Base\Routing.Base.Common\Routing.Base.Common.csproj", "{4112A4DB-77F8-430A-BB4A-0CEEF59FE252}"
EndProject
Project("{2150E333-8FDC-42A3-9474-1A3956D46DE8}") = "Routing.LoadBalancing", "Routing.LoadBalancing", "{A091F670-610C-4FAA-9417-FBA46B611FB4}"
EndProject
Project("{FAE04EC0-301F-11D3-BF4B-00C04F79EFBC}") = "Routing.LoadBalancing.Common", "Src\Routing\Routing.LoadBalancing\Routing.LoadBalancing.Common\Routing.LoadBalancing.Common.csproj", "{CD51CD91-348C-4477-A682-2FC08AA715CD}"
EndProject
Project("{FAE04EC0-301F-11D3-BF4B-00C04F79EFBC}") = "Routing.LoadBalancing.Client", "Src\Routing\Routing.LoadBalancing\Routing.LoadBalancing.Client\Routing.LoadBalancing.Client.csproj", "{CF465F90-0953-473B-BF05-CDF7B7281091}"
EndProject
Project("{FAE04EC0-301F-11D3-BF4B-00C04F79EFBC}") = "Routing.LoadBalancing.Server", "Src\Routing\Routing.LoadBalancing\Routing.LoadBalancing.Server\Routing.LoadBalancing.Server.csproj", "{A0B02334-91C8-4178-87A0-3F8F5784DDB1}"
EndProject
Project("{FAE04EC0-301F-11D3-BF4B-00C04F79EFBC}") = "Routing.LoadBalancing.Router", "Src\Routing\Routing.LoadBalancing\Routing.LoadBalancing.Router\Routing.LoadBalancing.Router.csproj", "{A7815C9D-87F5-404A-B6BB-D6C6481517D5}"
EndProject
Project("{FAE04EC0-301F-11D3-BF4B-00C04F79EFBC}") = "Routing.LoadBalancing.MessageFilters", "Src\Routing\Routing.LoadBalancing\Routing.LoadBalancing.MessageFilters\Routing.LoadBalancing.MessageFilters.csproj", "{D1CD3B35-6858-4DAD-937C-56E652DCA502}"
EndProject
Project("{2150E333-8FDC-42A3-9474-1A3956D46DE8}") = "Routing.Multicast", "Routing.Multicast", "{02CC594B-1CB7-473C-AD8D-98ADA1B8212D}"
EndProject
Project("{FAE04EC0-301F-11D3-BF4B-00C04F79EFBC}") = "Routing.Multicast.Common", "Src\Routing\Routing.Multicast\Routing.Multicast.Common\Routing.Multicast.Common.csproj", "{C2F16532-2C51-4FB2-AB75-5AAEBA0CD868}"
EndProject
Project("{FAE04EC0-301F-11D3-BF4B-00C04F79EFBC}") = "Routing.Multicast.Client", "Src\Routing\Routing.Multicast\Routing.Multicast.Client\Routing.Multicast.Client.csproj", "{DBA15D2B-D44B-41C8-A2BB-88B4E54C0937}"
EndProject
Project("{FAE04EC0-301F-11D3-BF4B-00C04F79EFBC}") = "Routing.Multicast.Server", "Src\Routing\Routing.Multicast\Routing.Multicast.Server\Routing.Multicast.Server.csproj", "{0956DE39-88C1-4D9C-B9DD-A53C6D518F19}"
EndProject
Project("{FAE04EC0-301F-11D3-BF4B-00C04F79EFBC}") = "Routing.Multicast.Router", "Src\Routing\Routing.Multicast\Routing.Multicast.Router\Routing.Multicast.Router.csproj", "{511C3254-093E-4504-A403-8D443CBB6EEC}"
EndProject
Project("{2150E333-8FDC-42A3-9474-1A3956D46DE8}") = "Routing.Version", "Routing.Version", "{62935190-1020-4A3E-A8D4-82C3EE833FDC}"
	ProjectSection(SolutionItems) = preProject
		Src\Routing\Readme.md = Src\Routing\Readme.md
	EndProjectSection
EndProject
Project("{FAE04EC0-301F-11D3-BF4B-00C04F79EFBC}") = "Routing.Version.Client", "Src\Routing\Routing.Version\Routing.Version.Client\Routing.Version.Client.csproj", "{8EB6A7BD-56A7-423E-9DAD-95FBD2B81165}"
EndProject
Project("{FAE04EC0-301F-11D3-BF4B-00C04F79EFBC}") = "Routing.Version.Common", "Src\Routing\Routing.Version\Routing.Version.Common\Routing.Version.Common.csproj", "{C90E14D4-725C-468B-9F0C-79D72BF3416B}"
EndProject
Project("{FAE04EC0-301F-11D3-BF4B-00C04F79EFBC}") = "Routing.Version.Server", "Src\Routing\Routing.Version\Routing.Version.Server\Routing.Version.Server.csproj", "{9F1DA387-362F-4EF2-ADD0-DC4B33F91FCD}"
EndProject
Project("{FAE04EC0-301F-11D3-BF4B-00C04F79EFBC}") = "Routing.Version.Router", "Src\Routing\Routing.Version\Routing.Version.Router\Routing.Version.Router.csproj", "{82F53C43-841F-4879-86DD-562D732413EA}"
EndProject
Project("{FAE04EC0-301F-11D3-BF4B-00C04F79EFBC}") = "Routing.Version.ClientV2", "Src\Routing\Routing.Version\Routing.Version.ClientV2\Routing.Version.ClientV2.csproj", "{842C1AEF-40A6-425F-B332-FE307D8F1CE6}"
EndProject
Project("{FAE04EC0-301F-11D3-BF4B-00C04F79EFBC}") = "Routing.Version.Server2", "Src\Routing\Routing.Version\Routing.Version.Server2\Routing.Version.Server2.csproj", "{2819C693-7C3C-489C-A555-A2441B95FA76}"
EndProject
Project("{FAE04EC0-301F-11D3-BF4B-00C04F79EFBC}") = "Routing.Version.CommonExtend", "Src\Routing\Routing.Version\Routing.Version.CommonExtend\Routing.Version.CommonExtend.csproj", "{7FE2EC3A-CA7F-4521-8982-2D94D594DB40}"
EndProject
Project("{2150E333-8FDC-42A3-9474-1A3956D46DE8}") = "UdpBinding", "UdpBinding", "{9182207E-702C-4D1B-BD00-999DD3A643F9}"
EndProject
Project("{FAE04EC0-301F-11D3-BF4B-00C04F79EFBC}") = "Binding.UdpBinding.Common", "Src\Binding\UdpBinding\UdpBinding.Common\Binding.UdpBinding.Common.csproj", "{F94C6430-90D5-4924-A02C-5C3C35C64AD3}"
EndProject
Project("{FAE04EC0-301F-11D3-BF4B-00C04F79EFBC}") = "Binding.UdpBinding.Client", "Src\Binding\UdpBinding\UdpBinding.Client\Binding.UdpBinding.Client.csproj", "{EF2F76A4-47F6-4423-81D8-65F68285F405}"
EndProject
Project("{FAE04EC0-301F-11D3-BF4B-00C04F79EFBC}") = "Binding.UdpBinding.Server", "Src\Binding\UdpBinding\UdpBinding.Server\Binding.UdpBinding.Server.csproj", "{285213DA-AE01-4E95-99EF-AFC71E2E3F54}"
EndProject
Project("{FAE04EC0-301F-11D3-BF4B-00C04F79EFBC}") = "HQF.Tutorial.WCF.Contract", "Src\Common\HQF.Tutorial.WCF.Contract\HQF.Tutorial.WCF.Contract.csproj", "{8FC09188-486B-494A-BFE5-82A89F68EF4D}"
EndProject
Project("{FAE04EC0-301F-11D3-BF4B-00C04F79EFBC}") = "HQF.Tutorial.WCF.Contract.Interface", "Src\Common\HQF.Tutorial.WCF.Contract.Interface\HQF.Tutorial.WCF.Contract.Interface.csproj", "{40672F0B-0596-4EDB-BCE2-263036CDF219}"
EndProject
Project("{FAE04EC0-301F-11D3-BF4B-00C04F79EFBC}") = "HQF.Tutorial.WCF.Serializer", "Src\Serializer\HQF.Tutorial.WCF.Serializer\HQF.Tutorial.WCF.Serializer.csproj", "{7C5E876B-7CC2-4E06-BF30-1E7CC71A92A3}"
EndProject
Project("{FAE04EC0-301F-11D3-BF4B-00C04F79EFBC}") = "HQF.Tutorial.WCF.Serializer.XUnitTest", "Src\Serializer\HQF.Tutorial.WCF.XUnitTest\HQF.Tutorial.WCF.Serializer.XUnitTest.csproj", "{2E3DF5C2-8A38-4A03-86D7-8D463C917E47}"
EndProject
Project("{FAE04EC0-301F-11D3-BF4B-00C04F79EFBC}") = "HQF.Tutorial.WCF.Host.Web", "Src\Host\HQF.Tutorial.WCF.Host.Web\HQF.Tutorial.WCF.Host.Web.csproj", "{33E0C7C9-DB81-4F06-83B6-7D92541B44A0}"
EndProject
Project("{FAE04EC0-301F-11D3-BF4B-00C04F79EFBC}") = "Binding.MSMQ.Mail.Client.WPF", "Src\Binding\MSMQ_Mail\Binding.MSMQ.Mail.Client.WPF\Binding.MSMQ.Mail.Client.WPF.csproj", "{7A797BEC-0274-4042-AF7C-7C5036ED11BA}"
EndProject
Project("{FAE04EC0-301F-11D3-BF4B-00C04F79EFBC}") = "HQF.Tutorial.WCF.Client.Web", "Src\Client\HQF.Tutorial.WCF.Client.Web\HQF.Tutorial.WCF.Client.Web.csproj", "{92A40114-B9F4-4FD4-B9A3-D017C93FB14C}"
	ProjectSection(ProjectDependencies) = postProject
		{33E0C7C9-DB81-4F06-83B6-7D92541B44A0} = {33E0C7C9-DB81-4F06-83B6-7D92541B44A0}
	EndProjectSection
EndProject
Project("{2150E333-8FDC-42A3-9474-1A3956D46DE8}") = "6.Security", "6.Security", "{9D2FA164-BEE1-4FD0-AAB3-56C440E7670F}"
EndProject
Project("{2150E333-8FDC-42A3-9474-1A3956D46DE8}") = "7.Extend", "7.Extend", "{14550849-D9A8-46BA-8FE7-2810D7748182}"
EndProject
Project("{2150E333-8FDC-42A3-9474-1A3956D46DE8}") = "9.Diagnostics", "9.Diagnostics", "{9EF2B2E1-CC78-4B99-8106-E91ED773C947}"
EndProject
Project("{2150E333-8FDC-42A3-9474-1A3956D46DE8}") = "A.Exception", "A.Exception", "{CC1CBAAB-B1A0-4B9F-BB99-4E5C1724B351}"
EndProject
Project("{2150E333-8FDC-42A3-9474-1A3956D46DE8}") = "B.Behaviors", "B.Behaviors", "{F38BA1F6-E505-41C1-B3E6-2268F6E316DE}"
EndProject
Project("{FAE04EC0-301F-11D3-BF4B-00C04F79EFBC}") = "Diagnostics.Client", "Src\Diagnostics\Diagnostics.Client\Diagnostics.Client.csproj", "{D4B7F205-8695-4F19-BA4B-35E7134A30A9}"
EndProject
Project("{FAE04EC0-301F-11D3-BF4B-00C04F79EFBC}") = "Diagnostics.Server", "Src\Diagnostics\Diagnostics.Server\Diagnostics.Server.csproj", "{CC7D0120-EE29-4897-B239-D075018221FF}"
EndProject
Project("{2150E333-8FDC-42A3-9474-1A3956D46DE8}") = "D.ConcurrencyAndThroughput", "D.ConcurrencyAndThroughput", "{84A94D4F-299C-41FE-A57D-40ED7D9C93DE}"
EndProject
Project("{2150E333-8FDC-42A3-9474-1A3956D46DE8}") = "C.Transaction", "C.Transaction", "{4E4A59FD-3521-4646-9671-97A0DE786C2C}"
EndProject
Project("{FAE04EC0-301F-11D3-BF4B-00C04F79EFBC}") = "Concurrency.Single.Client", "Src\Concurrency\Concurrency.Single\Concurrency.Single.Client\Concurrency.Single.Client.csproj", "{6804D354-5979-4CA7-A505-DCF342BEF475}"
EndProject
Project("{2150E333-8FDC-42A3-9474-1A3956D46DE8}") = "Concurrency.Single", "Concurrency.Single", "{DD55DAE9-42CA-4D95-B0EC-444F80192871}"
EndProject
Project("{FAE04EC0-301F-11D3-BF4B-00C04F79EFBC}") = "Concurrency.Single.Server", "Src\Concurrency\Concurrency.Single\Concurrency.Single.Server\Concurrency.Single.Server.csproj", "{6ABCB579-4D33-4BF2-9D10-F3CF2B266F6D}"
EndProject
Project("{FAE04EC0-301F-11D3-BF4B-00C04F79EFBC}") = "Concurrency.Single.Common", "Src\Concurrency\Concurrency.Single\Concurrency.Single.Common\Concurrency.Single.Common.csproj", "{DBF3B0BD-70F4-4920-80AF-EEF47E5EFD4C}"
EndProject
Project("{2150E333-8FDC-42A3-9474-1A3956D46DE8}") = "X.WCF Data Service", "X.WCF Data Service", "{776EB954-2218-4B2E-8A50-10F269C2E439}"
EndProject
Project("{2150E333-8FDC-42A3-9474-1A3956D46DE8}") = "S.Scenario", "S.Scenario", "{199F8892-24C0-454D-9726-2EF588EFCCE5}"
EndProject
Project("{2150E333-8FDC-42A3-9474-1A3956D46DE8}") = "SimpleChatRoom", "SimpleChatRoom", "{A1D7A8AD-083F-41C6-961A-B41BF7E7B134}"
	ProjectSection(SolutionItems) = preProject
		Src\Scenario\SimpleChatRoom\Readme.md = Src\Scenario\SimpleChatRoom\Readme.md
	EndProjectSection
EndProject
Project("{FAE04EC0-301F-11D3-BF4B-00C04F79EFBC}") = "SimpleChatRoom.Common.Interface", "Src\Scenario\SimpleChatRoom\SimpleChatRoom.Common.Interface\SimpleChatRoom.Common.Interface.csproj", "{B678B3B5-6599-4EFC-BE3C-999416A5C781}"
EndProject
Project("{FAE04EC0-301F-11D3-BF4B-00C04F79EFBC}") = "SimpleChatRoom.Common.Implement", "Src\Scenario\SimpleChatRoom\SimpleChatRoom.Common.Implement\SimpleChatRoom.Common.Implement.csproj", "{C66F1097-52C1-4C1D-B0A6-77BD4817DD19}"
EndProject
Project("{FAE04EC0-301F-11D3-BF4B-00C04F79EFBC}") = "SimpleChatRoom.Server", "Src\Scenario\SimpleChatRoom\SimpleChatRoom.Server\SimpleChatRoom.Server.csproj", "{B6363255-42A1-4B6D-B4C1-9F07D094BA5C}"
EndProject
Project("{FAE04EC0-301F-11D3-BF4B-00C04F79EFBC}") = "SimpleChatRoom.Client", "Src\Scenario\SimpleChatRoom\SimpleChatRoom.Client\SimpleChatRoom.Client.csproj", "{8C857E92-2227-45B8-8480-FD636D14AF38}"
EndProject
Project("{2150E333-8FDC-42A3-9474-1A3956D46DE8}") = "E.Contract", "E.Contract", "{96359682-8646-4213-B31A-886D1BB04517}"
EndProject
Project("{2150E333-8FDC-42A3-9474-1A3956D46DE8}") = "Contract.RequestReply", "Contract.RequestReply", "{509A1FD1-818D-4157-AD27-1F12E3B40671}"
EndProject
Project("{2150E333-8FDC-42A3-9474-1A3956D46DE8}") = "Contract.OneWay", "Contract.OneWay", "{0A3DE31A-6823-4348-8DF8-948C02E95D88}"
EndProject
Project("{2150E333-8FDC-42A3-9474-1A3956D46DE8}") = "Contract.Duplex", "Contract.Duplex", "{4EE59FE4-7C85-4CCB-B427-B55B33489C72}"
EndProject
Project("{FAE04EC0-301F-11D3-BF4B-00C04F79EFBC}") = "Contract.Duplex.Client", "Src\Contract\Contract.Duplex\Contract.Duplex.Client\Contract.Duplex.Client.csproj", "{3654BF17-E90F-4527-ACBE-67DA243A7F54}"
EndProject
Project("{FAE04EC0-301F-11D3-BF4B-00C04F79EFBC}") = "Contract.Duplex.Server", "Src\Contract\Contract.Duplex\Contract.Duplex.Server\Contract.Duplex.Server.csproj", "{7C40F8B3-C34C-43C6-B97D-E32D92539FD2}"
EndProject
Project("{FAE04EC0-301F-11D3-BF4B-00C04F79EFBC}") = "Contract.Duplex.Common", "Src\Contract\Contract.Duplex\Contract.Duplex.Common\Contract.Duplex.Common.csproj", "{EACF4605-22D6-4D89-854E-6963DD5692DE}"
EndProject
Project("{2150E333-8FDC-42A3-9474-1A3956D46DE8}") = "Broadcasting", "Broadcasting", "{3DC0AA34-540C-4A93-953C-F1420B6228C1}"
	ProjectSection(SolutionItems) = preProject
		Src\Scenario\Broadcasting\Readme.md = Src\Scenario\Broadcasting\Readme.md
	EndProjectSection
EndProject
Global
	GlobalSection(SolutionConfigurationPlatforms) = preSolution
		Debug|Any CPU = Debug|Any CPU
		Release|Any CPU = Release|Any CPU
	EndGlobalSection
	GlobalSection(ProjectConfigurationPlatforms) = postSolution
		{7E666593-81F2-4868-AC31-76887149F6EC}.Debug|Any CPU.ActiveCfg = Debug|Any CPU
		{7E666593-81F2-4868-AC31-76887149F6EC}.Debug|Any CPU.Build.0 = Debug|Any CPU
		{7E666593-81F2-4868-AC31-76887149F6EC}.Release|Any CPU.ActiveCfg = Release|Any CPU
		{7E666593-81F2-4868-AC31-76887149F6EC}.Release|Any CPU.Build.0 = Release|Any CPU
		{18B5815F-3954-4899-849F-109E3FBE070E}.Debug|Any CPU.ActiveCfg = Debug|Any CPU
		{18B5815F-3954-4899-849F-109E3FBE070E}.Debug|Any CPU.Build.0 = Debug|Any CPU
		{18B5815F-3954-4899-849F-109E3FBE070E}.Release|Any CPU.ActiveCfg = Release|Any CPU
		{18B5815F-3954-4899-849F-109E3FBE070E}.Release|Any CPU.Build.0 = Release|Any CPU
		{CAA5D804-B776-4B74-B6C2-7516164E1B5A}.Debug|Any CPU.ActiveCfg = Debug|Any CPU
		{CAA5D804-B776-4B74-B6C2-7516164E1B5A}.Debug|Any CPU.Build.0 = Debug|Any CPU
		{CAA5D804-B776-4B74-B6C2-7516164E1B5A}.Release|Any CPU.ActiveCfg = Release|Any CPU
		{CAA5D804-B776-4B74-B6C2-7516164E1B5A}.Release|Any CPU.Build.0 = Release|Any CPU
		{7F12A05C-FF53-486C-B19B-70AF74EC2FAC}.Debug|Any CPU.ActiveCfg = Debug|Any CPU
		{7F12A05C-FF53-486C-B19B-70AF74EC2FAC}.Debug|Any CPU.Build.0 = Debug|Any CPU
		{7F12A05C-FF53-486C-B19B-70AF74EC2FAC}.Release|Any CPU.ActiveCfg = Release|Any CPU
		{7F12A05C-FF53-486C-B19B-70AF74EC2FAC}.Release|Any CPU.Build.0 = Release|Any CPU
		{6DB80714-B92C-4912-BE7D-494DFDE24356}.Debug|Any CPU.ActiveCfg = Debug|Any CPU
		{6DB80714-B92C-4912-BE7D-494DFDE24356}.Debug|Any CPU.Build.0 = Debug|Any CPU
		{6DB80714-B92C-4912-BE7D-494DFDE24356}.Release|Any CPU.ActiveCfg = Release|Any CPU
		{6DB80714-B92C-4912-BE7D-494DFDE24356}.Release|Any CPU.Build.0 = Release|Any CPU
		{CAE99046-2C5A-4E5D-8569-6AEF992D04D0}.Debug|Any CPU.ActiveCfg = Debug|Any CPU
		{CAE99046-2C5A-4E5D-8569-6AEF992D04D0}.Debug|Any CPU.Build.0 = Debug|Any CPU
		{CAE99046-2C5A-4E5D-8569-6AEF992D04D0}.Release|Any CPU.ActiveCfg = Release|Any CPU
		{CAE99046-2C5A-4E5D-8569-6AEF992D04D0}.Release|Any CPU.Build.0 = Release|Any CPU
		{46E464CB-1987-4656-AE76-C6F182CA2829}.Debug|Any CPU.ActiveCfg = Debug|Any CPU
		{46E464CB-1987-4656-AE76-C6F182CA2829}.Debug|Any CPU.Build.0 = Debug|Any CPU
		{46E464CB-1987-4656-AE76-C6F182CA2829}.Release|Any CPU.ActiveCfg = Release|Any CPU
		{46E464CB-1987-4656-AE76-C6F182CA2829}.Release|Any CPU.Build.0 = Release|Any CPU
		{9CBFCC71-0B0C-4FCF-A426-1090EA5E8091}.Debug|Any CPU.ActiveCfg = Debug|Any CPU
		{9CBFCC71-0B0C-4FCF-A426-1090EA5E8091}.Debug|Any CPU.Build.0 = Debug|Any CPU
		{9CBFCC71-0B0C-4FCF-A426-1090EA5E8091}.Release|Any CPU.ActiveCfg = Release|Any CPU
		{9CBFCC71-0B0C-4FCF-A426-1090EA5E8091}.Release|Any CPU.Build.0 = Release|Any CPU
		{252C37DE-D614-457B-9748-D10ABDA8A239}.Debug|Any CPU.ActiveCfg = Debug|Any CPU
		{252C37DE-D614-457B-9748-D10ABDA8A239}.Debug|Any CPU.Build.0 = Debug|Any CPU
		{252C37DE-D614-457B-9748-D10ABDA8A239}.Release|Any CPU.ActiveCfg = Release|Any CPU
		{252C37DE-D614-457B-9748-D10ABDA8A239}.Release|Any CPU.Build.0 = Release|Any CPU
		{4A5D774B-5FCB-46B9-A3CB-104509D3C566}.Debug|Any CPU.ActiveCfg = Debug|Any CPU
		{4A5D774B-5FCB-46B9-A3CB-104509D3C566}.Debug|Any CPU.Build.0 = Debug|Any CPU
		{4A5D774B-5FCB-46B9-A3CB-104509D3C566}.Release|Any CPU.ActiveCfg = Release|Any CPU
		{4A5D774B-5FCB-46B9-A3CB-104509D3C566}.Release|Any CPU.Build.0 = Release|Any CPU
		{F8C98B04-2014-4C62-BCC8-9C5CFD86F8E0}.Debug|Any CPU.ActiveCfg = Debug|Any CPU
		{F8C98B04-2014-4C62-BCC8-9C5CFD86F8E0}.Debug|Any CPU.Build.0 = Debug|Any CPU
		{F8C98B04-2014-4C62-BCC8-9C5CFD86F8E0}.Release|Any CPU.ActiveCfg = Release|Any CPU
		{F8C98B04-2014-4C62-BCC8-9C5CFD86F8E0}.Release|Any CPU.Build.0 = Release|Any CPU
		{72061449-98DF-4941-A5C7-4179A084E7D9}.Debug|Any CPU.ActiveCfg = Debug|Any CPU
		{72061449-98DF-4941-A5C7-4179A084E7D9}.Debug|Any CPU.Build.0 = Debug|Any CPU
		{72061449-98DF-4941-A5C7-4179A084E7D9}.Release|Any CPU.ActiveCfg = Release|Any CPU
		{72061449-98DF-4941-A5C7-4179A084E7D9}.Release|Any CPU.Build.0 = Release|Any CPU
		{51984960-292B-4270-80A3-F8434CEA30EE}.Debug|Any CPU.ActiveCfg = Debug|Any CPU
		{51984960-292B-4270-80A3-F8434CEA30EE}.Debug|Any CPU.Build.0 = Debug|Any CPU
		{51984960-292B-4270-80A3-F8434CEA30EE}.Release|Any CPU.ActiveCfg = Release|Any CPU
		{51984960-292B-4270-80A3-F8434CEA30EE}.Release|Any CPU.Build.0 = Release|Any CPU
		{224A1EB2-433C-406D-B1E9-BC5845D717AA}.Debug|Any CPU.ActiveCfg = Debug|Any CPU
		{224A1EB2-433C-406D-B1E9-BC5845D717AA}.Debug|Any CPU.Build.0 = Debug|Any CPU
		{224A1EB2-433C-406D-B1E9-BC5845D717AA}.Release|Any CPU.ActiveCfg = Release|Any CPU
		{224A1EB2-433C-406D-B1E9-BC5845D717AA}.Release|Any CPU.Build.0 = Release|Any CPU
		{7B11811E-6E95-42F1-A00B-9551BC89BC25}.Debug|Any CPU.ActiveCfg = Debug|Any CPU
		{7B11811E-6E95-42F1-A00B-9551BC89BC25}.Debug|Any CPU.Build.0 = Debug|Any CPU
		{7B11811E-6E95-42F1-A00B-9551BC89BC25}.Release|Any CPU.ActiveCfg = Release|Any CPU
		{7B11811E-6E95-42F1-A00B-9551BC89BC25}.Release|Any CPU.Build.0 = Release|Any CPU
		{4900BA28-4913-4C95-9767-D0D24D38C1FC}.Debug|Any CPU.ActiveCfg = Debug|Any CPU
		{4900BA28-4913-4C95-9767-D0D24D38C1FC}.Debug|Any CPU.Build.0 = Debug|Any CPU
		{4900BA28-4913-4C95-9767-D0D24D38C1FC}.Release|Any CPU.ActiveCfg = Release|Any CPU
		{4900BA28-4913-4C95-9767-D0D24D38C1FC}.Release|Any CPU.Build.0 = Release|Any CPU
		{3D3351A0-41D2-4C33-87FD-B5434B6FAEED}.Debug|Any CPU.ActiveCfg = Debug|Any CPU
		{3D3351A0-41D2-4C33-87FD-B5434B6FAEED}.Debug|Any CPU.Build.0 = Debug|Any CPU
		{3D3351A0-41D2-4C33-87FD-B5434B6FAEED}.Release|Any CPU.ActiveCfg = Release|Any CPU
		{3D3351A0-41D2-4C33-87FD-B5434B6FAEED}.Release|Any CPU.Build.0 = Release|Any CPU
		{4112A4DB-77F8-430A-BB4A-0CEEF59FE252}.Debug|Any CPU.ActiveCfg = Debug|Any CPU
		{4112A4DB-77F8-430A-BB4A-0CEEF59FE252}.Debug|Any CPU.Build.0 = Debug|Any CPU
		{4112A4DB-77F8-430A-BB4A-0CEEF59FE252}.Release|Any CPU.ActiveCfg = Release|Any CPU
		{4112A4DB-77F8-430A-BB4A-0CEEF59FE252}.Release|Any CPU.Build.0 = Release|Any CPU
		{CD51CD91-348C-4477-A682-2FC08AA715CD}.Debug|Any CPU.ActiveCfg = Debug|Any CPU
		{CD51CD91-348C-4477-A682-2FC08AA715CD}.Debug|Any CPU.Build.0 = Debug|Any CPU
		{CD51CD91-348C-4477-A682-2FC08AA715CD}.Release|Any CPU.ActiveCfg = Release|Any CPU
		{CD51CD91-348C-4477-A682-2FC08AA715CD}.Release|Any CPU.Build.0 = Release|Any CPU
		{CF465F90-0953-473B-BF05-CDF7B7281091}.Debug|Any CPU.ActiveCfg = Debug|Any CPU
		{CF465F90-0953-473B-BF05-CDF7B7281091}.Debug|Any CPU.Build.0 = Debug|Any CPU
		{CF465F90-0953-473B-BF05-CDF7B7281091}.Release|Any CPU.ActiveCfg = Release|Any CPU
		{CF465F90-0953-473B-BF05-CDF7B7281091}.Release|Any CPU.Build.0 = Release|Any CPU
		{A0B02334-91C8-4178-87A0-3F8F5784DDB1}.Debug|Any CPU.ActiveCfg = Debug|Any CPU
		{A0B02334-91C8-4178-87A0-3F8F5784DDB1}.Debug|Any CPU.Build.0 = Debug|Any CPU
		{A0B02334-91C8-4178-87A0-3F8F5784DDB1}.Release|Any CPU.ActiveCfg = Release|Any CPU
		{A0B02334-91C8-4178-87A0-3F8F5784DDB1}.Release|Any CPU.Build.0 = Release|Any CPU
		{A7815C9D-87F5-404A-B6BB-D6C6481517D5}.Debug|Any CPU.ActiveCfg = Debug|Any CPU
		{A7815C9D-87F5-404A-B6BB-D6C6481517D5}.Debug|Any CPU.Build.0 = Debug|Any CPU
		{A7815C9D-87F5-404A-B6BB-D6C6481517D5}.Release|Any CPU.ActiveCfg = Release|Any CPU
		{A7815C9D-87F5-404A-B6BB-D6C6481517D5}.Release|Any CPU.Build.0 = Release|Any CPU
		{D1CD3B35-6858-4DAD-937C-56E652DCA502}.Debug|Any CPU.ActiveCfg = Debug|Any CPU
		{D1CD3B35-6858-4DAD-937C-56E652DCA502}.Debug|Any CPU.Build.0 = Debug|Any CPU
		{D1CD3B35-6858-4DAD-937C-56E652DCA502}.Release|Any CPU.ActiveCfg = Release|Any CPU
		{D1CD3B35-6858-4DAD-937C-56E652DCA502}.Release|Any CPU.Build.0 = Release|Any CPU
		{C2F16532-2C51-4FB2-AB75-5AAEBA0CD868}.Debug|Any CPU.ActiveCfg = Debug|Any CPU
		{C2F16532-2C51-4FB2-AB75-5AAEBA0CD868}.Debug|Any CPU.Build.0 = Debug|Any CPU
		{C2F16532-2C51-4FB2-AB75-5AAEBA0CD868}.Release|Any CPU.ActiveCfg = Release|Any CPU
		{C2F16532-2C51-4FB2-AB75-5AAEBA0CD868}.Release|Any CPU.Build.0 = Release|Any CPU
		{DBA15D2B-D44B-41C8-A2BB-88B4E54C0937}.Debug|Any CPU.ActiveCfg = Debug|Any CPU
		{DBA15D2B-D44B-41C8-A2BB-88B4E54C0937}.Debug|Any CPU.Build.0 = Debug|Any CPU
		{DBA15D2B-D44B-41C8-A2BB-88B4E54C0937}.Release|Any CPU.ActiveCfg = Release|Any CPU
		{DBA15D2B-D44B-41C8-A2BB-88B4E54C0937}.Release|Any CPU.Build.0 = Release|Any CPU
		{0956DE39-88C1-4D9C-B9DD-A53C6D518F19}.Debug|Any CPU.ActiveCfg = Debug|Any CPU
		{0956DE39-88C1-4D9C-B9DD-A53C6D518F19}.Debug|Any CPU.Build.0 = Debug|Any CPU
		{0956DE39-88C1-4D9C-B9DD-A53C6D518F19}.Release|Any CPU.ActiveCfg = Release|Any CPU
		{0956DE39-88C1-4D9C-B9DD-A53C6D518F19}.Release|Any CPU.Build.0 = Release|Any CPU
		{511C3254-093E-4504-A403-8D443CBB6EEC}.Debug|Any CPU.ActiveCfg = Debug|Any CPU
		{511C3254-093E-4504-A403-8D443CBB6EEC}.Debug|Any CPU.Build.0 = Debug|Any CPU
		{511C3254-093E-4504-A403-8D443CBB6EEC}.Release|Any CPU.ActiveCfg = Release|Any CPU
		{511C3254-093E-4504-A403-8D443CBB6EEC}.Release|Any CPU.Build.0 = Release|Any CPU
		{8EB6A7BD-56A7-423E-9DAD-95FBD2B81165}.Debug|Any CPU.ActiveCfg = Debug|Any CPU
		{8EB6A7BD-56A7-423E-9DAD-95FBD2B81165}.Debug|Any CPU.Build.0 = Debug|Any CPU
		{8EB6A7BD-56A7-423E-9DAD-95FBD2B81165}.Release|Any CPU.ActiveCfg = Release|Any CPU
		{8EB6A7BD-56A7-423E-9DAD-95FBD2B81165}.Release|Any CPU.Build.0 = Release|Any CPU
		{C90E14D4-725C-468B-9F0C-79D72BF3416B}.Debug|Any CPU.ActiveCfg = Debug|Any CPU
		{C90E14D4-725C-468B-9F0C-79D72BF3416B}.Debug|Any CPU.Build.0 = Debug|Any CPU
		{C90E14D4-725C-468B-9F0C-79D72BF3416B}.Release|Any CPU.ActiveCfg = Release|Any CPU
		{C90E14D4-725C-468B-9F0C-79D72BF3416B}.Release|Any CPU.Build.0 = Release|Any CPU
		{9F1DA387-362F-4EF2-ADD0-DC4B33F91FCD}.Debug|Any CPU.ActiveCfg = Debug|Any CPU
		{9F1DA387-362F-4EF2-ADD0-DC4B33F91FCD}.Debug|Any CPU.Build.0 = Debug|Any CPU
		{9F1DA387-362F-4EF2-ADD0-DC4B33F91FCD}.Release|Any CPU.ActiveCfg = Release|Any CPU
		{9F1DA387-362F-4EF2-ADD0-DC4B33F91FCD}.Release|Any CPU.Build.0 = Release|Any CPU
		{82F53C43-841F-4879-86DD-562D732413EA}.Debug|Any CPU.ActiveCfg = Debug|Any CPU
		{82F53C43-841F-4879-86DD-562D732413EA}.Debug|Any CPU.Build.0 = Debug|Any CPU
		{82F53C43-841F-4879-86DD-562D732413EA}.Release|Any CPU.ActiveCfg = Release|Any CPU
		{82F53C43-841F-4879-86DD-562D732413EA}.Release|Any CPU.Build.0 = Release|Any CPU
		{842C1AEF-40A6-425F-B332-FE307D8F1CE6}.Debug|Any CPU.ActiveCfg = Debug|Any CPU
		{842C1AEF-40A6-425F-B332-FE307D8F1CE6}.Debug|Any CPU.Build.0 = Debug|Any CPU
		{842C1AEF-40A6-425F-B332-FE307D8F1CE6}.Release|Any CPU.ActiveCfg = Release|Any CPU
		{842C1AEF-40A6-425F-B332-FE307D8F1CE6}.Release|Any CPU.Build.0 = Release|Any CPU
		{2819C693-7C3C-489C-A555-A2441B95FA76}.Debug|Any CPU.ActiveCfg = Debug|Any CPU
		{2819C693-7C3C-489C-A555-A2441B95FA76}.Debug|Any CPU.Build.0 = Debug|Any CPU
		{2819C693-7C3C-489C-A555-A2441B95FA76}.Release|Any CPU.ActiveCfg = Release|Any CPU
		{2819C693-7C3C-489C-A555-A2441B95FA76}.Release|Any CPU.Build.0 = Release|Any CPU
		{7FE2EC3A-CA7F-4521-8982-2D94D594DB40}.Debug|Any CPU.ActiveCfg = Debug|Any CPU
		{7FE2EC3A-CA7F-4521-8982-2D94D594DB40}.Debug|Any CPU.Build.0 = Debug|Any CPU
		{7FE2EC3A-CA7F-4521-8982-2D94D594DB40}.Release|Any CPU.ActiveCfg = Release|Any CPU
		{7FE2EC3A-CA7F-4521-8982-2D94D594DB40}.Release|Any CPU.Build.0 = Release|Any CPU
		{F94C6430-90D5-4924-A02C-5C3C35C64AD3}.Debug|Any CPU.ActiveCfg = Debug|Any CPU
		{F94C6430-90D5-4924-A02C-5C3C35C64AD3}.Debug|Any CPU.Build.0 = Debug|Any CPU
		{F94C6430-90D5-4924-A02C-5C3C35C64AD3}.Release|Any CPU.ActiveCfg = Release|Any CPU
		{F94C6430-90D5-4924-A02C-5C3C35C64AD3}.Release|Any CPU.Build.0 = Release|Any CPU
		{EF2F76A4-47F6-4423-81D8-65F68285F405}.Debug|Any CPU.ActiveCfg = Debug|Any CPU
		{EF2F76A4-47F6-4423-81D8-65F68285F405}.Debug|Any CPU.Build.0 = Debug|Any CPU
		{EF2F76A4-47F6-4423-81D8-65F68285F405}.Release|Any CPU.ActiveCfg = Release|Any CPU
		{EF2F76A4-47F6-4423-81D8-65F68285F405}.Release|Any CPU.Build.0 = Release|Any CPU
		{285213DA-AE01-4E95-99EF-AFC71E2E3F54}.Debug|Any CPU.ActiveCfg = Debug|Any CPU
		{285213DA-AE01-4E95-99EF-AFC71E2E3F54}.Debug|Any CPU.Build.0 = Debug|Any CPU
		{285213DA-AE01-4E95-99EF-AFC71E2E3F54}.Release|Any CPU.ActiveCfg = Release|Any CPU
		{285213DA-AE01-4E95-99EF-AFC71E2E3F54}.Release|Any CPU.Build.0 = Release|Any CPU
		{8FC09188-486B-494A-BFE5-82A89F68EF4D}.Debug|Any CPU.ActiveCfg = Debug|Any CPU
		{8FC09188-486B-494A-BFE5-82A89F68EF4D}.Debug|Any CPU.Build.0 = Debug|Any CPU
		{8FC09188-486B-494A-BFE5-82A89F68EF4D}.Release|Any CPU.ActiveCfg = Release|Any CPU
		{8FC09188-486B-494A-BFE5-82A89F68EF4D}.Release|Any CPU.Build.0 = Release|Any CPU
		{40672F0B-0596-4EDB-BCE2-263036CDF219}.Debug|Any CPU.ActiveCfg = Debug|Any CPU
		{40672F0B-0596-4EDB-BCE2-263036CDF219}.Debug|Any CPU.Build.0 = Debug|Any CPU
		{40672F0B-0596-4EDB-BCE2-263036CDF219}.Release|Any CPU.ActiveCfg = Release|Any CPU
		{40672F0B-0596-4EDB-BCE2-263036CDF219}.Release|Any CPU.Build.0 = Release|Any CPU
		{7C5E876B-7CC2-4E06-BF30-1E7CC71A92A3}.Debug|Any CPU.ActiveCfg = Debug|Any CPU
		{7C5E876B-7CC2-4E06-BF30-1E7CC71A92A3}.Debug|Any CPU.Build.0 = Debug|Any CPU
		{7C5E876B-7CC2-4E06-BF30-1E7CC71A92A3}.Release|Any CPU.ActiveCfg = Release|Any CPU
		{7C5E876B-7CC2-4E06-BF30-1E7CC71A92A3}.Release|Any CPU.Build.0 = Release|Any CPU
		{2E3DF5C2-8A38-4A03-86D7-8D463C917E47}.Debug|Any CPU.ActiveCfg = Debug|Any CPU
		{2E3DF5C2-8A38-4A03-86D7-8D463C917E47}.Debug|Any CPU.Build.0 = Debug|Any CPU
		{2E3DF5C2-8A38-4A03-86D7-8D463C917E47}.Release|Any CPU.ActiveCfg = Release|Any CPU
		{2E3DF5C2-8A38-4A03-86D7-8D463C917E47}.Release|Any CPU.Build.0 = Release|Any CPU
		{33E0C7C9-DB81-4F06-83B6-7D92541B44A0}.Debug|Any CPU.ActiveCfg = Debug|Any CPU
		{33E0C7C9-DB81-4F06-83B6-7D92541B44A0}.Debug|Any CPU.Build.0 = Debug|Any CPU
		{33E0C7C9-DB81-4F06-83B6-7D92541B44A0}.Release|Any CPU.ActiveCfg = Release|Any CPU
		{33E0C7C9-DB81-4F06-83B6-7D92541B44A0}.Release|Any CPU.Build.0 = Release|Any CPU
		{7A797BEC-0274-4042-AF7C-7C5036ED11BA}.Debug|Any CPU.ActiveCfg = Debug|Any CPU
		{7A797BEC-0274-4042-AF7C-7C5036ED11BA}.Debug|Any CPU.Build.0 = Debug|Any CPU
		{7A797BEC-0274-4042-AF7C-7C5036ED11BA}.Release|Any CPU.ActiveCfg = Release|Any CPU
		{7A797BEC-0274-4042-AF7C-7C5036ED11BA}.Release|Any CPU.Build.0 = Release|Any CPU
		{92A40114-B9F4-4FD4-B9A3-D017C93FB14C}.Debug|Any CPU.ActiveCfg = Debug|Any CPU
		{92A40114-B9F4-4FD4-B9A3-D017C93FB14C}.Debug|Any CPU.Build.0 = Debug|Any CPU
		{92A40114-B9F4-4FD4-B9A3-D017C93FB14C}.Release|Any CPU.ActiveCfg = Release|Any CPU
		{92A40114-B9F4-4FD4-B9A3-D017C93FB14C}.Release|Any CPU.Build.0 = Release|Any CPU
		{D4B7F205-8695-4F19-BA4B-35E7134A30A9}.Debug|Any CPU.ActiveCfg = Debug|Any CPU
		{D4B7F205-8695-4F19-BA4B-35E7134A30A9}.Debug|Any CPU.Build.0 = Debug|Any CPU
		{D4B7F205-8695-4F19-BA4B-35E7134A30A9}.Release|Any CPU.ActiveCfg = Release|Any CPU
		{D4B7F205-8695-4F19-BA4B-35E7134A30A9}.Release|Any CPU.Build.0 = Release|Any CPU
		{CC7D0120-EE29-4897-B239-D075018221FF}.Debug|Any CPU.ActiveCfg = Debug|Any CPU
		{CC7D0120-EE29-4897-B239-D075018221FF}.Debug|Any CPU.Build.0 = Debug|Any CPU
		{CC7D0120-EE29-4897-B239-D075018221FF}.Release|Any CPU.ActiveCfg = Release|Any CPU
		{CC7D0120-EE29-4897-B239-D075018221FF}.Release|Any CPU.Build.0 = Release|Any CPU
		{6804D354-5979-4CA7-A505-DCF342BEF475}.Debug|Any CPU.ActiveCfg = Debug|Any CPU
		{6804D354-5979-4CA7-A505-DCF342BEF475}.Debug|Any CPU.Build.0 = Debug|Any CPU
		{6804D354-5979-4CA7-A505-DCF342BEF475}.Release|Any CPU.ActiveCfg = Release|Any CPU
		{6804D354-5979-4CA7-A505-DCF342BEF475}.Release|Any CPU.Build.0 = Release|Any CPU
		{6ABCB579-4D33-4BF2-9D10-F3CF2B266F6D}.Debug|Any CPU.ActiveCfg = Debug|Any CPU
		{6ABCB579-4D33-4BF2-9D10-F3CF2B266F6D}.Debug|Any CPU.Build.0 = Debug|Any CPU
		{6ABCB579-4D33-4BF2-9D10-F3CF2B266F6D}.Release|Any CPU.ActiveCfg = Release|Any CPU
		{6ABCB579-4D33-4BF2-9D10-F3CF2B266F6D}.Release|Any CPU.Build.0 = Release|Any CPU
		{DBF3B0BD-70F4-4920-80AF-EEF47E5EFD4C}.Debug|Any CPU.ActiveCfg = Debug|Any CPU
		{DBF3B0BD-70F4-4920-80AF-EEF47E5EFD4C}.Debug|Any CPU.Build.0 = Debug|Any CPU
		{DBF3B0BD-70F4-4920-80AF-EEF47E5EFD4C}.Release|Any CPU.ActiveCfg = Release|Any CPU
		{DBF3B0BD-70F4-4920-80AF-EEF47E5EFD4C}.Release|Any CPU.Build.0 = Release|Any CPU
		{B678B3B5-6599-4EFC-BE3C-999416A5C781}.Debug|Any CPU.ActiveCfg = Debug|Any CPU
		{B678B3B5-6599-4EFC-BE3C-999416A5C781}.Debug|Any CPU.Build.0 = Debug|Any CPU
		{B678B3B5-6599-4EFC-BE3C-999416A5C781}.Release|Any CPU.ActiveCfg = Release|Any CPU
		{B678B3B5-6599-4EFC-BE3C-999416A5C781}.Release|Any CPU.Build.0 = Release|Any CPU
		{C66F1097-52C1-4C1D-B0A6-77BD4817DD19}.Debug|Any CPU.ActiveCfg = Debug|Any CPU
		{C66F1097-52C1-4C1D-B0A6-77BD4817DD19}.Debug|Any CPU.Build.0 = Debug|Any CPU
		{C66F1097-52C1-4C1D-B0A6-77BD4817DD19}.Release|Any CPU.ActiveCfg = Release|Any CPU
		{C66F1097-52C1-4C1D-B0A6-77BD4817DD19}.Release|Any CPU.Build.0 = Release|Any CPU
		{B6363255-42A1-4B6D-B4C1-9F07D094BA5C}.Debug|Any CPU.ActiveCfg = Debug|Any CPU
		{B6363255-42A1-4B6D-B4C1-9F07D094BA5C}.Debug|Any CPU.Build.0 = Debug|Any CPU
		{B6363255-42A1-4B6D-B4C1-9F07D094BA5C}.Release|Any CPU.ActiveCfg = Release|Any CPU
		{B6363255-42A1-4B6D-B4C1-9F07D094BA5C}.Release|Any CPU.Build.0 = Release|Any CPU
		{8C857E92-2227-45B8-8480-FD636D14AF38}.Debug|Any CPU.ActiveCfg = Debug|Any CPU
		{8C857E92-2227-45B8-8480-FD636D14AF38}.Debug|Any CPU.Build.0 = Debug|Any CPU
		{8C857E92-2227-45B8-8480-FD636D14AF38}.Release|Any CPU.ActiveCfg = Release|Any CPU
		{8C857E92-2227-45B8-8480-FD636D14AF38}.Release|Any CPU.Build.0 = Release|Any CPU
		{3654BF17-E90F-4527-ACBE-67DA243A7F54}.Debug|Any CPU.ActiveCfg = Debug|Any CPU
		{3654BF17-E90F-4527-ACBE-67DA243A7F54}.Debug|Any CPU.Build.0 = Debug|Any CPU
		{3654BF17-E90F-4527-ACBE-67DA243A7F54}.Release|Any CPU.ActiveCfg = Release|Any CPU
		{3654BF17-E90F-4527-ACBE-67DA243A7F54}.Release|Any CPU.Build.0 = Release|Any CPU
		{7C40F8B3-C34C-43C6-B97D-E32D92539FD2}.Debug|Any CPU.ActiveCfg = Debug|Any CPU
		{7C40F8B3-C34C-43C6-B97D-E32D92539FD2}.Debug|Any CPU.Build.0 = Debug|Any CPU
		{7C40F8B3-C34C-43C6-B97D-E32D92539FD2}.Release|Any CPU.ActiveCfg = Release|Any CPU
		{7C40F8B3-C34C-43C6-B97D-E32D92539FD2}.Release|Any CPU.Build.0 = Release|Any CPU
		{EACF4605-22D6-4D89-854E-6963DD5692DE}.Debug|Any CPU.ActiveCfg = Debug|Any CPU
		{EACF4605-22D6-4D89-854E-6963DD5692DE}.Debug|Any CPU.Build.0 = Debug|Any CPU
		{EACF4605-22D6-4D89-854E-6963DD5692DE}.Release|Any CPU.ActiveCfg = Release|Any CPU
		{EACF4605-22D6-4D89-854E-6963DD5692DE}.Release|Any CPU.Build.0 = Release|Any CPU
	EndGlobalSection
	GlobalSection(SolutionProperties) = preSolution
		HideSolutionNode = FALSE
	EndGlobalSection
	GlobalSection(NestedProjects) = preSolution
		{7E666593-81F2-4868-AC31-76887149F6EC} = {540004B9-4978-4077-9393-C06A6FD61C65}
		{18B5815F-3954-4899-849F-109E3FBE070E} = {540004B9-4978-4077-9393-C06A6FD61C65}
		{CAA5D804-B776-4B74-B6C2-7516164E1B5A} = {540004B9-4978-4077-9393-C06A6FD61C65}
		{7F12A05C-FF53-486C-B19B-70AF74EC2FAC} = {A7061D33-CB29-4BBF-8BEE-F1C73ECB84F1}
		{8494784E-FDEF-45E7-B248-083898F61EFB} = {6EC494D6-0405-4C3B-8DFD-4BE1AD77235C}
		{6DB80714-B92C-4912-BE7D-494DFDE24356} = {8494784E-FDEF-45E7-B248-083898F61EFB}
		{CAE99046-2C5A-4E5D-8569-6AEF992D04D0} = {8494784E-FDEF-45E7-B248-083898F61EFB}
		{46E464CB-1987-4656-AE76-C6F182CA2829} = {8494784E-FDEF-45E7-B248-083898F61EFB}
		{D71E6D21-CE2E-459F-ABCC-B7E174B12CCC} = {6EC494D6-0405-4C3B-8DFD-4BE1AD77235C}
		{9CBFCC71-0B0C-4FCF-A426-1090EA5E8091} = {D71E6D21-CE2E-459F-ABCC-B7E174B12CCC}
		{252C37DE-D614-457B-9748-D10ABDA8A239} = {D71E6D21-CE2E-459F-ABCC-B7E174B12CCC}
		{4A5D774B-5FCB-46B9-A3CB-104509D3C566} = {D71E6D21-CE2E-459F-ABCC-B7E174B12CCC}
		{1489C915-C013-426C-B905-82B084319282} = {A873E11B-80BD-42BB-8DB3-CC587573ABA5}
		{F8C98B04-2014-4C62-BCC8-9C5CFD86F8E0} = {1489C915-C013-426C-B905-82B084319282}
		{72061449-98DF-4941-A5C7-4179A084E7D9} = {1489C915-C013-426C-B905-82B084319282}
		{51984960-292B-4270-80A3-F8434CEA30EE} = {1489C915-C013-426C-B905-82B084319282}
		{9159B3FF-1FF4-4980-B656-18E1C76CED3D} = {A873E11B-80BD-42BB-8DB3-CC587573ABA5}
		{224A1EB2-433C-406D-B1E9-BC5845D717AA} = {9159B3FF-1FF4-4980-B656-18E1C76CED3D}
		{7B11811E-6E95-42F1-A00B-9551BC89BC25} = {9159B3FF-1FF4-4980-B656-18E1C76CED3D}
		{4900BA28-4913-4C95-9767-D0D24D38C1FC} = {9159B3FF-1FF4-4980-B656-18E1C76CED3D}
		{3D3351A0-41D2-4C33-87FD-B5434B6FAEED} = {9159B3FF-1FF4-4980-B656-18E1C76CED3D}
		{4112A4DB-77F8-430A-BB4A-0CEEF59FE252} = {1489C915-C013-426C-B905-82B084319282}
		{A091F670-610C-4FAA-9417-FBA46B611FB4} = {A873E11B-80BD-42BB-8DB3-CC587573ABA5}
		{CD51CD91-348C-4477-A682-2FC08AA715CD} = {A091F670-610C-4FAA-9417-FBA46B611FB4}
		{CF465F90-0953-473B-BF05-CDF7B7281091} = {A091F670-610C-4FAA-9417-FBA46B611FB4}
		{A0B02334-91C8-4178-87A0-3F8F5784DDB1} = {A091F670-610C-4FAA-9417-FBA46B611FB4}
		{A7815C9D-87F5-404A-B6BB-D6C6481517D5} = {A091F670-610C-4FAA-9417-FBA46B611FB4}
		{D1CD3B35-6858-4DAD-937C-56E652DCA502} = {A091F670-610C-4FAA-9417-FBA46B611FB4}
		{02CC594B-1CB7-473C-AD8D-98ADA1B8212D} = {A873E11B-80BD-42BB-8DB3-CC587573ABA5}
		{C2F16532-2C51-4FB2-AB75-5AAEBA0CD868} = {02CC594B-1CB7-473C-AD8D-98ADA1B8212D}
		{DBA15D2B-D44B-41C8-A2BB-88B4E54C0937} = {02CC594B-1CB7-473C-AD8D-98ADA1B8212D}
		{0956DE39-88C1-4D9C-B9DD-A53C6D518F19} = {02CC594B-1CB7-473C-AD8D-98ADA1B8212D}
		{511C3254-093E-4504-A403-8D443CBB6EEC} = {02CC594B-1CB7-473C-AD8D-98ADA1B8212D}
		{62935190-1020-4A3E-A8D4-82C3EE833FDC} = {A873E11B-80BD-42BB-8DB3-CC587573ABA5}
		{8EB6A7BD-56A7-423E-9DAD-95FBD2B81165} = {62935190-1020-4A3E-A8D4-82C3EE833FDC}
		{C90E14D4-725C-468B-9F0C-79D72BF3416B} = {62935190-1020-4A3E-A8D4-82C3EE833FDC}
		{9F1DA387-362F-4EF2-ADD0-DC4B33F91FCD} = {62935190-1020-4A3E-A8D4-82C3EE833FDC}
		{82F53C43-841F-4879-86DD-562D732413EA} = {62935190-1020-4A3E-A8D4-82C3EE833FDC}
		{842C1AEF-40A6-425F-B332-FE307D8F1CE6} = {62935190-1020-4A3E-A8D4-82C3EE833FDC}
		{2819C693-7C3C-489C-A555-A2441B95FA76} = {62935190-1020-4A3E-A8D4-82C3EE833FDC}
		{7FE2EC3A-CA7F-4521-8982-2D94D594DB40} = {62935190-1020-4A3E-A8D4-82C3EE833FDC}
		{9182207E-702C-4D1B-BD00-999DD3A643F9} = {6EC494D6-0405-4C3B-8DFD-4BE1AD77235C}
		{F94C6430-90D5-4924-A02C-5C3C35C64AD3} = {9182207E-702C-4D1B-BD00-999DD3A643F9}
		{EF2F76A4-47F6-4423-81D8-65F68285F405} = {9182207E-702C-4D1B-BD00-999DD3A643F9}
		{285213DA-AE01-4E95-99EF-AFC71E2E3F54} = {9182207E-702C-4D1B-BD00-999DD3A643F9}
		{8FC09188-486B-494A-BFE5-82A89F68EF4D} = {CBF3FA5F-5DEC-42A2-A090-71E46139B16A}
		{40672F0B-0596-4EDB-BCE2-263036CDF219} = {CBF3FA5F-5DEC-42A2-A090-71E46139B16A}
		{7C5E876B-7CC2-4E06-BF30-1E7CC71A92A3} = {A41CF768-F339-4CA4-AA23-1CD5CBA9A9A7}
		{2E3DF5C2-8A38-4A03-86D7-8D463C917E47} = {A41CF768-F339-4CA4-AA23-1CD5CBA9A9A7}
		{33E0C7C9-DB81-4F06-83B6-7D92541B44A0} = {540004B9-4978-4077-9393-C06A6FD61C65}
		{7A797BEC-0274-4042-AF7C-7C5036ED11BA} = {D71E6D21-CE2E-459F-ABCC-B7E174B12CCC}
		{92A40114-B9F4-4FD4-B9A3-D017C93FB14C} = {A7061D33-CB29-4BBF-8BEE-F1C73ECB84F1}
		{D4B7F205-8695-4F19-BA4B-35E7134A30A9} = {9EF2B2E1-CC78-4B99-8106-E91ED773C947}
		{CC7D0120-EE29-4897-B239-D075018221FF} = {9EF2B2E1-CC78-4B99-8106-E91ED773C947}
		{6804D354-5979-4CA7-A505-DCF342BEF475} = {DD55DAE9-42CA-4D95-B0EC-444F80192871}
		{DD55DAE9-42CA-4D95-B0EC-444F80192871} = {84A94D4F-299C-41FE-A57D-40ED7D9C93DE}
		{6ABCB579-4D33-4BF2-9D10-F3CF2B266F6D} = {DD55DAE9-42CA-4D95-B0EC-444F80192871}
		{DBF3B0BD-70F4-4920-80AF-EEF47E5EFD4C} = {DD55DAE9-42CA-4D95-B0EC-444F80192871}
		{A1D7A8AD-083F-41C6-961A-B41BF7E7B134} = {199F8892-24C0-454D-9726-2EF588EFCCE5}
		{B678B3B5-6599-4EFC-BE3C-999416A5C781} = {A1D7A8AD-083F-41C6-961A-B41BF7E7B134}
		{C66F1097-52C1-4C1D-B0A6-77BD4817DD19} = {A1D7A8AD-083F-41C6-961A-B41BF7E7B134}
		{B6363255-42A1-4B6D-B4C1-9F07D094BA5C} = {A1D7A8AD-083F-41C6-961A-B41BF7E7B134}
		{8C857E92-2227-45B8-8480-FD636D14AF38} = {A1D7A8AD-083F-41C6-961A-B41BF7E7B134}
		{509A1FD1-818D-4157-AD27-1F12E3B40671} = {96359682-8646-4213-B31A-886D1BB04517}
		{0A3DE31A-6823-4348-8DF8-948C02E95D88} = {96359682-8646-4213-B31A-886D1BB04517}
		{4EE59FE4-7C85-4CCB-B427-B55B33489C72} = {96359682-8646-4213-B31A-886D1BB04517}
		{3654BF17-E90F-4527-ACBE-67DA243A7F54} = {4EE59FE4-7C85-4CCB-B427-B55B33489C72}
		{7C40F8B3-C34C-43C6-B97D-E32D92539FD2} = {4EE59FE4-7C85-4CCB-B427-B55B33489C72}
		{EACF4605-22D6-4D89-854E-6963DD5692DE} = {4EE59FE4-7C85-4CCB-B427-B55B33489C72}
		{3DC0AA34-540C-4A93-953C-F1420B6228C1} = {199F8892-24C0-454D-9726-2EF588EFCCE5}
	EndGlobalSection
EndGlobal
